{
  "object": {
    "pins": [
      {
        "package": "HydrogenReporter",
        "repositoryURL": "https://github.com/ActuallyTaylor/HydrogenReporter",
        "state": {
          "branch": "main",
          "revision": "23cfaf88a4de05898fef91f8ce6ea271601b1d49",
          "version": null
        }
      },
      {
        "package": "TreeSitter",
        "repositoryURL": "https://github.com/ActuallyTaylor/tree-sitter-spm",
        "state": {
          "branch": "master",
          "revision": "382a8d5bef3b1f8e99518676c7b86ccd2df5c9e7",
          "version": null
        }
      }
    ]
  },
  "version": 1
}
