{
  "object": {
    "pins": [
      {
        "package": "BetterSafariView",
        "repositoryURL": "https://github.com/stleamist/BetterSafariView",
        "state": {
          "branch": "main",
          "revision": "dffd42bc70287e761979bc81dd278db5c80f0deb",
          "version": null
        }
      },
      {
        "package": "ConfettiSwiftUI",
        "repositoryURL": "https://github.com/simibac/ConfettiSwiftUI",
        "state": {
          "branch": null,
          "revision": "f45961f97bbae6fff6e2e64546fea0189425ad92",
          "version": "1.1.0"
        }
      },
      {
        "package": "HydrogenReporter",
        "repositoryURL": "https://github.com/ActuallyTaylor/HydrogenReporter",
        "state": {
          "branch": "main",
          "revision": "3813325c27674e4aec6b1029e9d4df3e03984700",
          "version": null
        }
      },
      {
        "package": "KeychainSwift",
        "repositoryURL": "https://github.com/evgenyneu/keychain-swift.git",
        "state": {
          "branch": null,
          "revision": "d108a1fa6189e661f91560548ef48651ed8d93b9",
          "version": "20.0.0"
        }
      },
      {
        "package": "SFSymbols",
        "repositoryURL": "https://github.com/ActuallyTaylor/SFSymbols/",
        "state": {
          "branch": "main",
          "revision": "adf3c68e01cc1973ccab389fda6f37ac674122a1",
          "version": null
        }
      },
      {
        "package": "SwiftDocCPlugin",
        "repositoryURL": "https://github.com/apple/swift-docc-plugin",
        "state": {
          "branch": null,
          "revision": "26ac5758409154cc448d7ab82389c520fa8a8247",
          "version": "1.3.0"
        }
      },
      {
        "package": "SymbolKit",
        "repositoryURL": "https://github.com/apple/swift-docc-symbolkit",
        "state": {
          "branch": null,
          "revision": "b45d1f2ed151d057b54504d653e0da5552844e34",
          "version": "1.0.0"
        }
      }
    ]
  },
  "version": 1
}
