{
  "object": {
    "pins": [
      {
        "package": "BetterSafariView",
        "repositoryURL": "https://github.com/stleamist/BetterSafariView",
        "state": {
          "branch": "main",
          "revision": "dffd42bc70287e761979bc81dd278db5c80f0deb",
          "version": null
        }
      },
      {
        "package": "ConfettiSwiftUI",
        "repositoryURL": "https://github.com/simibac/ConfettiSwiftUI",
        "state": {
          "branch": null,
          "revision": "8d3a15d0aa2991e0761749b767ef8d89bca6275a",
          "version": "1.0.1"
        }
      },
      {
        "package": "HydrogenReporter",
        "repositoryURL": "https://github.com/ActuallyTaylor/HydrogenReporter",
        "state": {
          "branch": "main",
          "revision": "23cfaf88a4de05898fef91f8ce6ea271601b1d49",
          "version": null
        }
      },
      {
        "package": "KeychainSwift",
        "repositoryURL": "https://github.com/evgenyneu/keychain-swift.git",
        "state": {
          "branch": null,
          "revision": "d108a1fa6189e661f91560548ef48651ed8d93b9",
          "version": "20.0.0"
        }
      },
      {
        "package": "SwiftDocCPlugin",
        "repositoryURL": "https://github.com/apple/swift-docc-plugin",
        "state": {
          "branch": null,
          "revision": "9b1258905c21fc1b97bf03d1b4ca12c4ec4e5fda",
          "version": "1.2.0"
        }
      },
      {
        "package": "SymbolKit",
        "repositoryURL": "https://github.com/apple/swift-docc-symbolkit",
        "state": {
          "branch": null,
          "revision": "b45d1f2ed151d057b54504d653e0da5552844e34",
          "version": "1.0.0"
        }
      },
      {
        "package": "TreeSitter",
        "repositoryURL": "https://github.com/ActuallyTaylor/tree-sitter-spm",
        "state": {
          "branch": "master",
          "revision": "382a8d5bef3b1f8e99518676c7b86ccd2df5c9e7",
          "version": null
        }
      }
    ]
  },
  "version": 1
}
