// !$*UTF8*$!
{
	archiveVersion = 1;
	classes = {
	};
	objectVersion = 56;
	objects = {

/* Begin PBXBuildFile section */
		DB4680D82A147AAC003964CC /* JellycutsApp.swift in Sources */ = {isa = PBXBuildFile; fileRef = DB4680D72A147AAC003964CC /* JellycutsApp.swift */; };
		DB4680DA2A147AAC003964CC /* JellycutsDocument.swift in Sources */ = {isa = PBXBuildFile; fileRef = DB4680D92A147AAC003964CC /* JellycutsDocument.swift */; };
		DB4680DC2A147AAC003964CC /* DocumentView.swift in Sources */ = {isa = PBXBuildFile; fileRef = DB4680DB2A147AAC003964CC /* DocumentView.swift */; };
		DB4680DE2A147AAD003964CC /* Assets.xcassets in Resources */ = {isa = PBXBuildFile; fileRef = DB4680DD2A147AAD003964CC /* Assets.xcassets */; };
		DB4680E32A147AAD003964CC /* Preview Assets.xcassets in Resources */ = {isa = PBXBuildFile; fileRef = DB4680E22A147AAD003964CC /* Preview Assets.xcassets */; };
		DB4680F02A147FB7003964CC /* Jellycuts.xcdatamodeld in Sources */ = {isa = PBXBuildFile; fileRef = DB4680EE2A147FB7003964CC /* Jellycuts.xcdatamodeld */; };
		DB4680F22A1480E5003964CC /* HomeView.swift in Sources */ = {isa = PBXBuildFile; fileRef = DB4680F12A1480E5003964CC /* HomeView.swift */; };
		DB4681142A148131003964CC /* Persistance.swift in Sources */ = {isa = PBXBuildFile; fileRef = DB4681132A148131003964CC /* Persistance.swift */; };
		DB4681162A14835E003964CC /* ErrorHandler.swift in Sources */ = {isa = PBXBuildFile; fileRef = DB4681152A14835E003964CC /* ErrorHandler.swift */; };
		DB46811A2A1483D6003964CC /* HydrogenReporter in Frameworks */ = {isa = PBXBuildFile; productRef = DB4681192A1483D6003964CC /* HydrogenReporter */; };
		DB4681212A149591003964CC /* RunestoneEditor.swift in Sources */ = {isa = PBXBuildFile; fileRef = DB4681202A149591003964CC /* RunestoneEditor.swift */; };
		DB4EAFC12A19AB9300B44F4D /* Open-Jellycore in Frameworks */ = {isa = PBXBuildFile; productRef = DB4EAFC02A19AB9300B44F4D /* Open-Jellycore */; };
		DB4EAFC32A19AB9300B44F4D /* Runestone in Frameworks */ = {isa = PBXBuildFile; productRef = DB4EAFC22A19AB9300B44F4D /* Runestone */; };
		DB4EAFC52A19AB9300B44F4D /* TreeSitterJellyRunestone in Frameworks */ = {isa = PBXBuildFile; productRef = DB4EAFC42A19AB9300B44F4D /* TreeSitterJellyRunestone */; };
		DBB32C412A2413D9003FDD90 /* Colors+Hex.swift in Sources */ = {isa = PBXBuildFile; fileRef = DBB32C402A2413D9003FDD90 /* Colors+Hex.swift */; };
		DBB32C442A241CFB003FDD90 /* CodeBlockStyle.swift in Sources */ = {isa = PBXBuildFile; fileRef = DBB32C432A241CFB003FDD90 /* CodeBlockStyle.swift */; };
		DBED21802A23E65D00464286 /* LabelConfiguration.swift in Sources */ = {isa = PBXBuildFile; fileRef = DBED217F2A23E65D00464286 /* LabelConfiguration.swift */; };
		DBED21862A23E7BF00464286 /* ToolView.swift in Sources */ = {isa = PBXBuildFile; fileRef = DBED21852A23E7BF00464286 /* ToolView.swift */; };
		DBED21882A23EC3900464286 /* SheetDelegator.swift in Sources */ = {isa = PBXBuildFile; fileRef = DBED21872A23EC3900464286 /* SheetDelegator.swift */; };
		DBED218E2A23F7E700464286 /* DocumentationHomeView.swift in Sources */ = {isa = PBXBuildFile; fileRef = DBED218D2A23F7E700464286 /* DocumentationHomeView.swift */; };
		DBED21902A23F99200464286 /* DocumentationLibraryView.swift in Sources */ = {isa = PBXBuildFile; fileRef = DBED218F2A23F99200464286 /* DocumentationLibraryView.swift */; };
		DBED21922A23FBF100464286 /* DocumentationActionView.swift in Sources */ = {isa = PBXBuildFile; fileRef = DBED21912A23FBF100464286 /* DocumentationActionView.swift */; };
		DBED21962A2412F800464286 /* IconCreator.swift in Sources */ = {isa = PBXBuildFile; fileRef = DBED21952A2412F800464286 /* IconCreator.swift */; };
		DBF310F82A253F7A0003606E /* DictionaryBuilderView.swift in Sources */ = {isa = PBXBuildFile; fileRef = DBF310F72A253F7A0003606E /* DictionaryBuilderView.swift */; };
		DBF310FA2A2540050003606E /* DictionaryHandler.swift in Sources */ = {isa = PBXBuildFile; fileRef = DBF310F92A2540050003606E /* DictionaryHandler.swift */; };
		DBF310FC2A2540AF0003606E /* SharedDataStorageManager.swift in Sources */ = {isa = PBXBuildFile; fileRef = DBF310FB2A2540AF0003606E /* SharedDataStorageManager.swift */; };
		DBF310FF2A2540C10003606E /* KeychainSwift in Frameworks */ = {isa = PBXBuildFile; productRef = DBF310FE2A2540C10003606E /* KeychainSwift */; };
		DBF311012A2540DA0003606E /* Constants.swift in Sources */ = {isa = PBXBuildFile; fileRef = DBF311002A2540DA0003606E /* Constants.swift */; };
		DBF311032A2546F00003606E /* DictionaryView.swift in Sources */ = {isa = PBXBuildFile; fileRef = DBF311022A2546F00003606E /* DictionaryView.swift */; };
		DBF311052A254F230003606E /* DictionaryAddValueSheet.swift in Sources */ = {isa = PBXBuildFile; fileRef = DBF311042A254F230003606E /* DictionaryAddValueSheet.swift */; };
		DBF311072A255B540003606E /* ArrayView.swift in Sources */ = {isa = PBXBuildFile; fileRef = DBF311062A255B540003606E /* ArrayView.swift */; };
/* End PBXBuildFile section */

/* Begin PBXFileReference section */
		DB4680D42A147AAC003964CC /* Jellycuts.app */ = {isa = PBXFileReference; explicitFileType = wrapper.application; includeInIndex = 0; path = Jellycuts.app; sourceTree = BUILT_PRODUCTS_DIR; };
		DB4680D72A147AAC003964CC /* JellycutsApp.swift */ = {isa = PBXFileReference; lastKnownFileType = sourcecode.swift; path = JellycutsApp.swift; sourceTree = "<group>"; };
		DB4680D92A147AAC003964CC /* JellycutsDocument.swift */ = {isa = PBXFileReference; lastKnownFileType = sourcecode.swift; path = JellycutsDocument.swift; sourceTree = "<group>"; };
		DB4680DB2A147AAC003964CC /* DocumentView.swift */ = {isa = PBXFileReference; lastKnownFileType = sourcecode.swift; path = DocumentView.swift; sourceTree = "<group>"; };
		DB4680DD2A147AAD003964CC /* Assets.xcassets */ = {isa = PBXFileReference; lastKnownFileType = folder.assetcatalog; path = Assets.xcassets; sourceTree = "<group>"; };
		DB4680DF2A147AAD003964CC /* Info.plist */ = {isa = PBXFileReference; lastKnownFileType = text.plist.xml; path = Info.plist; sourceTree = "<group>"; };
		DB4680E02A147AAD003964CC /* Jellycuts.entitlements */ = {isa = PBXFileReference; lastKnownFileType = text.plist.entitlements; path = Jellycuts.entitlements; sourceTree = "<group>"; };
		DB4680E22A147AAD003964CC /* Preview Assets.xcassets */ = {isa = PBXFileReference; lastKnownFileType = folder.assetcatalog; path = "Preview Assets.xcassets"; sourceTree = "<group>"; };
		DB4680EF2A147FB7003964CC /* Jellycuts.xcdatamodel */ = {isa = PBXFileReference; lastKnownFileType = wrapper.xcdatamodel; path = Jellycuts.xcdatamodel; sourceTree = "<group>"; };
		DB4680F12A1480E5003964CC /* HomeView.swift */ = {isa = PBXFileReference; lastKnownFileType = sourcecode.swift; path = HomeView.swift; sourceTree = "<group>"; };
		DB4681132A148131003964CC /* Persistance.swift */ = {isa = PBXFileReference; lastKnownFileType = sourcecode.swift; path = Persistance.swift; sourceTree = "<group>"; };
		DB4681152A14835E003964CC /* ErrorHandler.swift */ = {isa = PBXFileReference; lastKnownFileType = sourcecode.swift; path = ErrorHandler.swift; sourceTree = "<group>"; };
		DB4681202A149591003964CC /* RunestoneEditor.swift */ = {isa = PBXFileReference; lastKnownFileType = sourcecode.swift; path = RunestoneEditor.swift; sourceTree = "<group>"; };
		DB4EAFBD2A19AA8700B44F4D /* Runestone */ = {isa = PBXFileReference; lastKnownFileType = wrapper; name = Runestone; path = Packages/Runestone; sourceTree = "<group>"; };
		DB4EAFBE2A19AA9100B44F4D /* tree-sitter-jelly */ = {isa = PBXFileReference; lastKnownFileType = wrapper; name = "tree-sitter-jelly"; path = "Packages/tree-sitter-jelly"; sourceTree = "<group>"; };
		DB4EAFBF2A19AACA00B44F4D /* Open-Jellycore */ = {isa = PBXFileReference; lastKnownFileType = wrapper; name = "Open-Jellycore"; path = "Packages/Open-Jellycore"; sourceTree = "<group>"; };
		DB77396A2A25B42000F883F0 /* Jellycuts-Release.xcconfig */ = {isa = PBXFileReference; lastKnownFileType = text.xcconfig; path = "Jellycuts-Release.xcconfig"; sourceTree = "<group>"; };
		DBB32C402A2413D9003FDD90 /* Colors+Hex.swift */ = {isa = PBXFileReference; lastKnownFileType = sourcecode.swift; path = "Colors+Hex.swift"; sourceTree = "<group>"; };
		DBB32C432A241CFB003FDD90 /* CodeBlockStyle.swift */ = {isa = PBXFileReference; lastKnownFileType = sourcecode.swift; path = CodeBlockStyle.swift; sourceTree = "<group>"; };
		DBED217F2A23E65D00464286 /* LabelConfiguration.swift */ = {isa = PBXFileReference; lastKnownFileType = sourcecode.swift; path = LabelConfiguration.swift; sourceTree = "<group>"; };
		DBED21852A23E7BF00464286 /* ToolView.swift */ = {isa = PBXFileReference; lastKnownFileType = sourcecode.swift; path = ToolView.swift; sourceTree = "<group>"; };
		DBED21872A23EC3900464286 /* SheetDelegator.swift */ = {isa = PBXFileReference; lastKnownFileType = sourcecode.swift; path = SheetDelegator.swift; sourceTree = "<group>"; };
		DBED218D2A23F7E700464286 /* DocumentationHomeView.swift */ = {isa = PBXFileReference; lastKnownFileType = sourcecode.swift; path = DocumentationHomeView.swift; sourceTree = "<group>"; };
		DBED218F2A23F99200464286 /* DocumentationLibraryView.swift */ = {isa = PBXFileReference; lastKnownFileType = sourcecode.swift; path = DocumentationLibraryView.swift; sourceTree = "<group>"; };
		DBED21912A23FBF100464286 /* DocumentationActionView.swift */ = {isa = PBXFileReference; lastKnownFileType = sourcecode.swift; path = DocumentationActionView.swift; sourceTree = "<group>"; };
		DBED21952A2412F800464286 /* IconCreator.swift */ = {isa = PBXFileReference; lastKnownFileType = sourcecode.swift; path = IconCreator.swift; sourceTree = "<group>"; };
		DBF310F72A253F7A0003606E /* DictionaryBuilderView.swift */ = {isa = PBXFileReference; lastKnownFileType = sourcecode.swift; path = DictionaryBuilderView.swift; sourceTree = "<group>"; };
		DBF310F92A2540050003606E /* DictionaryHandler.swift */ = {isa = PBXFileReference; lastKnownFileType = sourcecode.swift; path = DictionaryHandler.swift; sourceTree = "<group>"; };
		DBF310FB2A2540AF0003606E /* SharedDataStorageManager.swift */ = {isa = PBXFileReference; lastKnownFileType = sourcecode.swift; path = SharedDataStorageManager.swift; sourceTree = "<group>"; };
		DBF311002A2540DA0003606E /* Constants.swift */ = {isa = PBXFileReference; lastKnownFileType = sourcecode.swift; path = Constants.swift; sourceTree = "<group>"; };
		DBF311022A2546F00003606E /* DictionaryView.swift */ = {isa = PBXFileReference; lastKnownFileType = sourcecode.swift; path = DictionaryView.swift; sourceTree = "<group>"; };
		DBF311042A254F230003606E /* DictionaryAddValueSheet.swift */ = {isa = PBXFileReference; lastKnownFileType = sourcecode.swift; path = DictionaryAddValueSheet.swift; sourceTree = "<group>"; };
		DBF311062A255B540003606E /* ArrayView.swift */ = {isa = PBXFileReference; lastKnownFileType = sourcecode.swift; path = ArrayView.swift; sourceTree = "<group>"; };
/* End PBXFileReference section */

/* Begin PBXFrameworksBuildPhase section */
		DB4680D12A147AAC003964CC /* Frameworks */ = {
			isa = PBXFrameworksBuildPhase;
			buildActionMask = 2147483647;
			files = (
				DB4EAFC12A19AB9300B44F4D /* Open-Jellycore in Frameworks */,
				DB4EAFC32A19AB9300B44F4D /* Runestone in Frameworks */,
				DBF310FF2A2540C10003606E /* KeychainSwift in Frameworks */,
				DB4EAFC52A19AB9300B44F4D /* TreeSitterJellyRunestone in Frameworks */,
				DB46811A2A1483D6003964CC /* HydrogenReporter in Frameworks */,
			);
			runOnlyForDeploymentPostprocessing = 0;
		};
/* End PBXFrameworksBuildPhase section */

/* Begin PBXGroup section */
		DB4680CB2A147AAC003964CC = {
			isa = PBXGroup;
			children = (
				DB4680D62A147AAC003964CC /* Jellycuts */,
				DB4EAFBC2A19AA8700B44F4D /* Packages */,
				DB4680D52A147AAC003964CC /* Products */,
				DB4680EB2A147AD6003964CC /* Frameworks */,
			);
			sourceTree = "<group>";
		};
		DB4680D52A147AAC003964CC /* Products */ = {
			isa = PBXGroup;
			children = (
				DB4680D42A147AAC003964CC /* Jellycuts.app */,
			);
			name = Products;
			sourceTree = "<group>";
		};
		DB4680D62A147AAC003964CC /* Jellycuts */ = {
			isa = PBXGroup;
			children = (
				DB4680D72A147AAC003964CC /* JellycutsApp.swift */,
				DB4681172A148368003964CC /* Protocols */,
				DB46811B2A1483ED003964CC /* Data */,
				DBED217D2A23E63100464286 /* Views */,
				DBB32C3F2A2413CB003FDD90 /* Extensions */,
				DB4680DF2A147AAD003964CC /* Info.plist */,
				DB7739692A25B3EF00F883F0 /* Resources */,
				DB4680E02A147AAD003964CC /* Jellycuts.entitlements */,
				DB4680E12A147AAD003964CC /* Preview Content */,
			);
			path = Jellycuts;
			sourceTree = "<group>";
		};
		DB4680E12A147AAD003964CC /* Preview Content */ = {
			isa = PBXGroup;
			children = (
				DB4680E22A147AAD003964CC /* Preview Assets.xcassets */,
			);
			path = "Preview Content";
			sourceTree = "<group>";
		};
		DB4680EB2A147AD6003964CC /* Frameworks */ = {
			isa = PBXGroup;
			children = (
			);
			name = Frameworks;
			sourceTree = "<group>";
		};
		DB4681172A148368003964CC /* Protocols */ = {
			isa = PBXGroup;
			children = (
				DB4681152A14835E003964CC /* ErrorHandler.swift */,
			);
			path = Protocols;
			sourceTree = "<group>";
		};
		DB46811B2A1483ED003964CC /* Data */ = {
			isa = PBXGroup;
			children = (
				DB4680EE2A147FB7003964CC /* Jellycuts.xcdatamodeld */,
				DB4681132A148131003964CC /* Persistance.swift */,
				DB4680D92A147AAC003964CC /* JellycutsDocument.swift */,
				DBF310F92A2540050003606E /* DictionaryHandler.swift */,
				DBF310FB2A2540AF0003606E /* SharedDataStorageManager.swift */,
				DBF311002A2540DA0003606E /* Constants.swift */,
			);
			path = Data;
			sourceTree = "<group>";
		};
		DB46811F2A14955F003964CC /* Representable */ = {
			isa = PBXGroup;
			children = (
				DB4681202A149591003964CC /* RunestoneEditor.swift */,
			);
			path = Representable;
			sourceTree = "<group>";
		};
		DB4EAFBC2A19AA8700B44F4D /* Packages */ = {
			isa = PBXGroup;
			children = (
				DB4EAFBF2A19AACA00B44F4D /* Open-Jellycore */,
				DB4EAFBE2A19AA9100B44F4D /* tree-sitter-jelly */,
				DB4EAFBD2A19AA8700B44F4D /* Runestone */,
			);
			name = Packages;
			sourceTree = "<group>";
		};
		DB7739692A25B3EF00F883F0 /* Resources */ = {
			isa = PBXGroup;
			children = (
				DB4680DD2A147AAD003964CC /* Assets.xcassets */,
				DB77396A2A25B42000F883F0 /* Jellycuts-Release.xcconfig */,
			);
			path = Resources;
			sourceTree = "<group>";
		};
		DBB32C3F2A2413CB003FDD90 /* Extensions */ = {
			isa = PBXGroup;
			children = (
				DBB32C402A2413D9003FDD90 /* Colors+Hex.swift */,
			);
			path = Extensions;
			sourceTree = "<group>";
		};
		DBED217D2A23E63100464286 /* Views */ = {
			isa = PBXGroup;
			children = (
				DBED217E2A23E64D00464286 /* Helpers */,
				DB46811F2A14955F003964CC /* Representable */,
				DBED21822A23E77A00464286 /* Main Views */,
				DBED218C2A23F7D200464286 /* Tools */,
			);
			path = Views;
			sourceTree = "<group>";
		};
		DBED217E2A23E64D00464286 /* Helpers */ = {
			isa = PBXGroup;
			children = (
				DBED21872A23EC3900464286 /* SheetDelegator.swift */,
				DBED217F2A23E65D00464286 /* LabelConfiguration.swift */,
				DBB32C432A241CFB003FDD90 /* CodeBlockStyle.swift */,
			);
			path = Helpers;
			sourceTree = "<group>";
		};
		DBED21822A23E77A00464286 /* Main Views */ = {
			isa = PBXGroup;
			children = (
				DB4680F12A1480E5003964CC /* HomeView.swift */,
				DB4680DB2A147AAC003964CC /* DocumentView.swift */,
			);
			path = "Main Views";
			sourceTree = "<group>";
		};
		DBED218C2A23F7D200464286 /* Tools */ = {
			isa = PBXGroup;
			children = (
				DBED21852A23E7BF00464286 /* ToolView.swift */,
				DBF310F42A253F580003606E /* Dictionary Builder */,
				DBED21932A2407C000464286 /* Documentation */,
				DBED21942A240CB100464286 /* Icon Creator */,
			);
			path = Tools;
			sourceTree = "<group>";
		};
		DBED21932A2407C000464286 /* Documentation */ = {
			isa = PBXGroup;
			children = (
				DBED218D2A23F7E700464286 /* DocumentationHomeView.swift */,
				DBED218F2A23F99200464286 /* DocumentationLibraryView.swift */,
				DBED21912A23FBF100464286 /* DocumentationActionView.swift */,
			);
			path = Documentation;
			sourceTree = "<group>";
		};
		DBED21942A240CB100464286 /* Icon Creator */ = {
			isa = PBXGroup;
			children = (
				DBED21952A2412F800464286 /* IconCreator.swift */,
			);
			path = "Icon Creator";
			sourceTree = "<group>";
		};
		DBF310F42A253F580003606E /* Dictionary Builder */ = {
			isa = PBXGroup;
			children = (
				DBF310F72A253F7A0003606E /* DictionaryBuilderView.swift */,
				DBF311022A2546F00003606E /* DictionaryView.swift */,
				DBF311062A255B540003606E /* ArrayView.swift */,
				DBF311042A254F230003606E /* DictionaryAddValueSheet.swift */,
			);
			path = "Dictionary Builder";
			sourceTree = "<group>";
		};
/* End PBXGroup section */

/* Begin PBXNativeTarget section */
		DB4680D32A147AAC003964CC /* Jellycuts */ = {
			isa = PBXNativeTarget;
			buildConfigurationList = DB4680E62A147AAD003964CC /* Build configuration list for PBXNativeTarget "Jellycuts" */;
			buildPhases = (
				DB4680D02A147AAC003964CC /* Sources */,
				DB4680D12A147AAC003964CC /* Frameworks */,
				DB4680D22A147AAC003964CC /* Resources */,
			);
			buildRules = (
			);
			dependencies = (
			);
			name = Jellycuts;
			packageProductDependencies = (
				DB4681192A1483D6003964CC /* HydrogenReporter */,
				DB4EAFC02A19AB9300B44F4D /* Open-Jellycore */,
				DB4EAFC22A19AB9300B44F4D /* Runestone */,
				DB4EAFC42A19AB9300B44F4D /* TreeSitterJellyRunestone */,
				DBF310FE2A2540C10003606E /* KeychainSwift */,
			);
			productName = Jellycuts;
			productReference = DB4680D42A147AAC003964CC /* Jellycuts.app */;
			productType = "com.apple.product-type.application";
		};
/* End PBXNativeTarget section */

/* Begin PBXProject section */
		DB4680CC2A147AAC003964CC /* Project object */ = {
			isa = PBXProject;
			attributes = {
				BuildIndependentTargetsInParallel = 1;
				LastSwiftUpdateCheck = 1430;
				LastUpgradeCheck = 1430;
				TargetAttributes = {
					DB4680D32A147AAC003964CC = {
						CreatedOnToolsVersion = 14.3;
						LastSwiftMigration = 1430;
					};
				};
			};
			buildConfigurationList = DB4680CF2A147AAC003964CC /* Build configuration list for PBXProject "Jellycuts" */;
			compatibilityVersion = "Xcode 14.0";
			developmentRegion = en;
			hasScannedForEncodings = 0;
			knownRegions = (
				en,
				Base,
			);
			mainGroup = DB4680CB2A147AAC003964CC;
			packageReferences = (
				DB4681182A1483D6003964CC /* XCRemoteSwiftPackageReference "HydrogenReporter" */,
				DB4EAFB42A19A00100B44F4D /* XCRemoteSwiftPackageReference "tree-sitter-spm" */,
				DBF310FD2A2540C10003606E /* XCRemoteSwiftPackageReference "keychain-swift" */,
			);
			productRefGroup = DB4680D52A147AAC003964CC /* Products */;
			projectDirPath = "";
			projectRoot = "";
			targets = (
				DB4680D32A147AAC003964CC /* Jellycuts */,
			);
		};
/* End PBXProject section */

/* Begin PBXResourcesBuildPhase section */
		DB4680D22A147AAC003964CC /* Resources */ = {
			isa = PBXResourcesBuildPhase;
			buildActionMask = 2147483647;
			files = (
				DB4680E32A147AAD003964CC /* Preview Assets.xcassets in Resources */,
				DB4680DE2A147AAD003964CC /* Assets.xcassets in Resources */,
			);
			runOnlyForDeploymentPostprocessing = 0;
		};
/* End PBXResourcesBuildPhase section */

/* Begin PBXSourcesBuildPhase section */
		DB4680D02A147AAC003964CC /* Sources */ = {
			isa = PBXSourcesBuildPhase;
			buildActionMask = 2147483647;
			files = (
				DBB32C442A241CFB003FDD90 /* CodeBlockStyle.swift in Sources */,
				DB4680DA2A147AAC003964CC /* JellycutsDocument.swift in Sources */,
				DB4681162A14835E003964CC /* ErrorHandler.swift in Sources */,
				DBED21862A23E7BF00464286 /* ToolView.swift in Sources */,
				DBF311072A255B540003606E /* ArrayView.swift in Sources */,
				DBF310FA2A2540050003606E /* DictionaryHandler.swift in Sources */,
				DBF311052A254F230003606E /* DictionaryAddValueSheet.swift in Sources */,
				DBED21922A23FBF100464286 /* DocumentationActionView.swift in Sources */,
				DBED218E2A23F7E700464286 /* DocumentationHomeView.swift in Sources */,
				DBF310F82A253F7A0003606E /* DictionaryBuilderView.swift in Sources */,
				DBF311032A2546F00003606E /* DictionaryView.swift in Sources */,
				DBED21802A23E65D00464286 /* LabelConfiguration.swift in Sources */,
				DBED21902A23F99200464286 /* DocumentationLibraryView.swift in Sources */,
				DB4681212A149591003964CC /* RunestoneEditor.swift in Sources */,
				DBF311012A2540DA0003606E /* Constants.swift in Sources */,
				DBED21962A2412F800464286 /* IconCreator.swift in Sources */,
				DB4680F02A147FB7003964CC /* Jellycuts.xcdatamodeld in Sources */,
				DB4680D82A147AAC003964CC /* JellycutsApp.swift in Sources */,
				DBF310FC2A2540AF0003606E /* SharedDataStorageManager.swift in Sources */,
				DBED21882A23EC3900464286 /* SheetDelegator.swift in Sources */,
				DB4680F22A1480E5003964CC /* HomeView.swift in Sources */,
				DBB32C412A2413D9003FDD90 /* Colors+Hex.swift in Sources */,
				DB4680DC2A147AAC003964CC /* DocumentView.swift in Sources */,
				DB4681142A148131003964CC /* Persistance.swift in Sources */,
			);
			runOnlyForDeploymentPostprocessing = 0;
		};
/* End PBXSourcesBuildPhase section */

/* Begin XCBuildConfiguration section */
		DB4680E42A147AAD003964CC /* Debug */ = {
			isa = XCBuildConfiguration;
			buildSettings = {
				ALWAYS_SEARCH_USER_PATHS = NO;
				CLANG_ANALYZER_NONNULL = YES;
				CLANG_ANALYZER_NUMBER_OBJECT_CONVERSION = YES_AGGRESSIVE;
				CLANG_CXX_LANGUAGE_STANDARD = "gnu++20";
				CLANG_ENABLE_MODULES = YES;
				CLANG_ENABLE_OBJC_ARC = YES;
				CLANG_ENABLE_OBJC_WEAK = YES;
				CLANG_WARN_BLOCK_CAPTURE_AUTORELEASING = YES;
				CLANG_WARN_BOOL_CONVERSION = YES;
				CLANG_WARN_COMMA = YES;
				CLANG_WARN_CONSTANT_CONVERSION = YES;
				CLANG_WARN_DEPRECATED_OBJC_IMPLEMENTATIONS = YES;
				CLANG_WARN_DIRECT_OBJC_ISA_USAGE = YES_ERROR;
				CLANG_WARN_DOCUMENTATION_COMMENTS = YES;
				CLANG_WARN_EMPTY_BODY = YES;
				CLANG_WARN_ENUM_CONVERSION = YES;
				CLANG_WARN_INFINITE_RECURSION = YES;
				CLANG_WARN_INT_CONVERSION = YES;
				CLANG_WARN_NON_LITERAL_NULL_CONVERSION = YES;
				CLANG_WARN_OBJC_IMPLICIT_RETAIN_SELF = YES;
				CLANG_WARN_OBJC_LITERAL_CONVERSION = YES;
				CLANG_WARN_OBJC_ROOT_CLASS = YES_ERROR;
				CLANG_WARN_QUOTED_INCLUDE_IN_FRAMEWORK_HEADER = YES;
				CLANG_WARN_RANGE_LOOP_ANALYSIS = YES;
				CLANG_WARN_STRICT_PROTOTYPES = YES;
				CLANG_WARN_SUSPICIOUS_MOVE = YES;
				CLANG_WARN_UNGUARDED_AVAILABILITY = YES_AGGRESSIVE;
				CLANG_WARN_UNREACHABLE_CODE = YES;
				CLANG_WARN__DUPLICATE_METHOD_MATCH = YES;
				COPY_PHASE_STRIP = NO;
				DEBUG_INFORMATION_FORMAT = dwarf;
				ENABLE_STRICT_OBJC_MSGSEND = YES;
				ENABLE_TESTABILITY = YES;
				GCC_C_LANGUAGE_STANDARD = gnu11;
				GCC_DYNAMIC_NO_PIC = NO;
				GCC_NO_COMMON_BLOCKS = YES;
				GCC_OPTIMIZATION_LEVEL = 0;
				GCC_PREPROCESSOR_DEFINITIONS = (
					"DEBUG=1",
					"$(inherited)",
				);
				GCC_WARN_64_TO_32_BIT_CONVERSION = YES;
				GCC_WARN_ABOUT_RETURN_TYPE = YES_ERROR;
				GCC_WARN_UNDECLARED_SELECTOR = YES;
				GCC_WARN_UNINITIALIZED_AUTOS = YES_AGGRESSIVE;
				GCC_WARN_UNUSED_FUNCTION = YES;
				GCC_WARN_UNUSED_VARIABLE = YES;
				MTL_ENABLE_DEBUG_INFO = INCLUDE_SOURCE;
				MTL_FAST_MATH = YES;
				ONLY_ACTIVE_ARCH = YES;
				SWIFT_ACTIVE_COMPILATION_CONDITIONS = DEBUG;
				SWIFT_OPTIMIZATION_LEVEL = "-Onone";
			};
			name = Debug;
		};
		DB4680E52A147AAD003964CC /* Release */ = {
			isa = XCBuildConfiguration;
			buildSettings = {
				ALWAYS_SEARCH_USER_PATHS = NO;
				CLANG_ANALYZER_NONNULL = YES;
				CLANG_ANALYZER_NUMBER_OBJECT_CONVERSION = YES_AGGRESSIVE;
				CLANG_CXX_LANGUAGE_STANDARD = "gnu++20";
				CLANG_ENABLE_MODULES = YES;
				CLANG_ENABLE_OBJC_ARC = YES;
				CLANG_ENABLE_OBJC_WEAK = YES;
				CLANG_WARN_BLOCK_CAPTURE_AUTORELEASING = YES;
				CLANG_WARN_BOOL_CONVERSION = YES;
				CLANG_WARN_COMMA = YES;
				CLANG_WARN_CONSTANT_CONVERSION = YES;
				CLANG_WARN_DEPRECATED_OBJC_IMPLEMENTATIONS = YES;
				CLANG_WARN_DIRECT_OBJC_ISA_USAGE = YES_ERROR;
				CLANG_WARN_DOCUMENTATION_COMMENTS = YES;
				CLANG_WARN_EMPTY_BODY = YES;
				CLANG_WARN_ENUM_CONVERSION = YES;
				CLANG_WARN_INFINITE_RECURSION = YES;
				CLANG_WARN_INT_CONVERSION = YES;
				CLANG_WARN_NON_LITERAL_NULL_CONVERSION = YES;
				CLANG_WARN_OBJC_IMPLICIT_RETAIN_SELF = YES;
				CLANG_WARN_OBJC_LITERAL_CONVERSION = YES;
				CLANG_WARN_OBJC_ROOT_CLASS = YES_ERROR;
				CLANG_WARN_QUOTED_INCLUDE_IN_FRAMEWORK_HEADER = YES;
				CLANG_WARN_RANGE_LOOP_ANALYSIS = YES;
				CLANG_WARN_STRICT_PROTOTYPES = YES;
				CLANG_WARN_SUSPICIOUS_MOVE = YES;
				CLANG_WARN_UNGUARDED_AVAILABILITY = YES_AGGRESSIVE;
				CLANG_WARN_UNREACHABLE_CODE = YES;
				CLANG_WARN__DUPLICATE_METHOD_MATCH = YES;
				COPY_PHASE_STRIP = NO;
				DEBUG_INFORMATION_FORMAT = "dwarf-with-dsym";
				ENABLE_NS_ASSERTIONS = NO;
				ENABLE_STRICT_OBJC_MSGSEND = YES;
				GCC_C_LANGUAGE_STANDARD = gnu11;
				GCC_NO_COMMON_BLOCKS = YES;
				GCC_WARN_64_TO_32_BIT_CONVERSION = YES;
				GCC_WARN_ABOUT_RETURN_TYPE = YES_ERROR;
				GCC_WARN_UNDECLARED_SELECTOR = YES;
				GCC_WARN_UNINITIALIZED_AUTOS = YES_AGGRESSIVE;
				GCC_WARN_UNUSED_FUNCTION = YES;
				GCC_WARN_UNUSED_VARIABLE = YES;
				MTL_ENABLE_DEBUG_INFO = NO;
				MTL_FAST_MATH = YES;
				SWIFT_COMPILATION_MODE = wholemodule;
				SWIFT_OPTIMIZATION_LEVEL = "-O";
			};
			name = Release;
		};
		DB4680E72A147AAD003964CC /* Debug */ = {
			isa = XCBuildConfiguration;
			buildSettings = {
				ASSETCATALOG_COMPILER_APPICON_NAME = AppIcon;
				ASSETCATALOG_COMPILER_GLOBAL_ACCENT_COLOR_NAME = AccentColor;
				CLANG_ENABLE_MODULES = YES;
				CODE_SIGN_ENTITLEMENTS = Jellycuts/Jellycuts.entitlements;
				CODE_SIGN_STYLE = Automatic;
				CURRENT_PROJECT_VERSION = 1;
				DEVELOPMENT_ASSET_PATHS = "\"Jellycuts/Preview Content\"";
				DEVELOPMENT_TEAM = TK7Y3X86W7;
				ENABLE_HARDENED_RUNTIME = YES;
				ENABLE_PREVIEWS = YES;
				GENERATE_INFOPLIST_FILE = YES;
				INFOPLIST_FILE = Jellycuts/Info.plist;
				"INFOPLIST_KEY_UIApplicationSceneManifest_Generation[sdk=iphoneos*]" = YES;
				"INFOPLIST_KEY_UIApplicationSceneManifest_Generation[sdk=iphonesimulator*]" = YES;
				"INFOPLIST_KEY_UIApplicationSupportsIndirectInputEvents[sdk=iphoneos*]" = YES;
				"INFOPLIST_KEY_UIApplicationSupportsIndirectInputEvents[sdk=iphonesimulator*]" = YES;
				"INFOPLIST_KEY_UILaunchScreen_Generation[sdk=iphoneos*]" = YES;
				"INFOPLIST_KEY_UILaunchScreen_Generation[sdk=iphonesimulator*]" = YES;
				"INFOPLIST_KEY_UIStatusBarStyle[sdk=iphoneos*]" = UIStatusBarStyleDefault;
				"INFOPLIST_KEY_UIStatusBarStyle[sdk=iphonesimulator*]" = UIStatusBarStyleDefault;
				INFOPLIST_KEY_UISupportedInterfaceOrientations_iPad = "UIInterfaceOrientationPortrait UIInterfaceOrientationPortraitUpsideDown UIInterfaceOrientationLandscapeLeft UIInterfaceOrientationLandscapeRight";
				INFOPLIST_KEY_UISupportedInterfaceOrientations_iPhone = "UIInterfaceOrientationPortrait UIInterfaceOrientationLandscapeLeft UIInterfaceOrientationLandscapeRight";
				"INFOPLIST_KEY_UISupportsDocumentBrowser[sdk=iphoneos*]" = YES;
				"INFOPLIST_KEY_UISupportsDocumentBrowser[sdk=iphonesimulator*]" = YES;
				IPHONEOS_DEPLOYMENT_TARGET = 16.4;
				LD_RUNPATH_SEARCH_PATHS = "@executable_path/Frameworks";
				"LD_RUNPATH_SEARCH_PATHS[sdk=macosx*]" = "@executable_path/../Frameworks";
				MACOSX_DEPLOYMENT_TARGET = 13.3;
				MARKETING_VERSION = 1.0;
				PRODUCT_BUNDLE_IDENTIFIER = lineman.Jellycuts;
				PRODUCT_NAME = "$(TARGET_NAME)";
				SDKROOT = auto;
				SUPPORTED_PLATFORMS = "iphoneos iphonesimulator macosx";
				SWIFT_EMIT_LOC_STRINGS = YES;
				SWIFT_INSTALL_OBJC_HEADER = YES;
				SWIFT_OBJC_BRIDGING_HEADER = "";
				SWIFT_OPTIMIZATION_LEVEL = "-Onone";
				SWIFT_PRECOMPILE_BRIDGING_HEADER = YES;
				SWIFT_VERSION = 5.0;
				TARGETED_DEVICE_FAMILY = "1,2";
			};
			name = Debug;
		};
		DB4680E82A147AAD003964CC /* Release */ = {
			isa = XCBuildConfiguration;
			buildSettings = {
				ASSETCATALOG_COMPILER_APPICON_NAME = AppIcon;
				ASSETCATALOG_COMPILER_GLOBAL_ACCENT_COLOR_NAME = AccentColor;
				CLANG_ENABLE_MODULES = YES;
				CODE_SIGN_ENTITLEMENTS = Jellycuts/Jellycuts.entitlements;
				CODE_SIGN_STYLE = Automatic;
				CURRENT_PROJECT_VERSION = 1;
				DEVELOPMENT_ASSET_PATHS = "\"Jellycuts/Preview Content\"";
				DEVELOPMENT_TEAM = TK7Y3X86W7;
				ENABLE_HARDENED_RUNTIME = YES;
				ENABLE_PREVIEWS = YES;
				GENERATE_INFOPLIST_FILE = YES;
				INFOPLIST_FILE = Jellycuts/Info.plist;
				"INFOPLIST_KEY_UIApplicationSceneManifest_Generation[sdk=iphoneos*]" = YES;
				"INFOPLIST_KEY_UIApplicationSceneManifest_Generation[sdk=iphonesimulator*]" = YES;
				"INFOPLIST_KEY_UIApplicationSupportsIndirectInputEvents[sdk=iphoneos*]" = YES;
				"INFOPLIST_KEY_UIApplicationSupportsIndirectInputEvents[sdk=iphonesimulator*]" = YES;
				"INFOPLIST_KEY_UILaunchScreen_Generation[sdk=iphoneos*]" = YES;
				"INFOPLIST_KEY_UILaunchScreen_Generation[sdk=iphonesimulator*]" = YES;
				"INFOPLIST_KEY_UIStatusBarStyle[sdk=iphoneos*]" = UIStatusBarStyleDefault;
				"INFOPLIST_KEY_UIStatusBarStyle[sdk=iphonesimulator*]" = UIStatusBarStyleDefault;
				INFOPLIST_KEY_UISupportedInterfaceOrientations_iPad = "UIInterfaceOrientationPortrait UIInterfaceOrientationPortraitUpsideDown UIInterfaceOrientationLandscapeLeft UIInterfaceOrientationLandscapeRight";
				INFOPLIST_KEY_UISupportedInterfaceOrientations_iPhone = "UIInterfaceOrientationPortrait UIInterfaceOrientationLandscapeLeft UIInterfaceOrientationLandscapeRight";
				"INFOPLIST_KEY_UISupportsDocumentBrowser[sdk=iphoneos*]" = YES;
				"INFOPLIST_KEY_UISupportsDocumentBrowser[sdk=iphonesimulator*]" = YES;
				IPHONEOS_DEPLOYMENT_TARGET = 16.4;
				LD_RUNPATH_SEARCH_PATHS = "@executable_path/Frameworks";
				"LD_RUNPATH_SEARCH_PATHS[sdk=macosx*]" = "@executable_path/../Frameworks";
				MACOSX_DEPLOYMENT_TARGET = 13.3;
				MARKETING_VERSION = 1.0;
				PRODUCT_BUNDLE_IDENTIFIER = lineman.Jellycuts;
				PRODUCT_NAME = "$(TARGET_NAME)";
				SDKROOT = auto;
				SUPPORTED_PLATFORMS = "iphoneos iphonesimulator macosx";
				SWIFT_EMIT_LOC_STRINGS = YES;
				SWIFT_INSTALL_OBJC_HEADER = YES;
				SWIFT_OBJC_BRIDGING_HEADER = "";
				SWIFT_PRECOMPILE_BRIDGING_HEADER = YES;
				SWIFT_VERSION = 5.0;
				TARGETED_DEVICE_FAMILY = "1,2";
			};
			name = Release;
		};
/* End XCBuildConfiguration section */

/* Begin XCConfigurationList section */
		DB4680CF2A147AAC003964CC /* Build configuration list for PBXProject "Jellycuts" */ = {
			isa = XCConfigurationList;
			buildConfigurations = (
				DB4680E42A147AAD003964CC /* Debug */,
				DB4680E52A147AAD003964CC /* Release */,
			);
			defaultConfigurationIsVisible = 0;
			defaultConfigurationName = Release;
		};
		DB4680E62A147AAD003964CC /* Build configuration list for PBXNativeTarget "Jellycuts" */ = {
			isa = XCConfigurationList;
			buildConfigurations = (
				DB4680E72A147AAD003964CC /* Debug */,
				DB4680E82A147AAD003964CC /* Release */,
			);
			defaultConfigurationIsVisible = 0;
			defaultConfigurationName = Release;
		};
/* End XCConfigurationList section */

/* Begin XCRemoteSwiftPackageReference section */
		DB4681182A1483D6003964CC /* XCRemoteSwiftPackageReference "HydrogenReporter" */ = {
			isa = XCRemoteSwiftPackageReference;
			repositoryURL = "https://github.com/ActuallyTaylor/HydrogenReporter";
			requirement = {
				branch = main;
				kind = branch;
			};
		};
		DB4EAFB42A19A00100B44F4D /* XCRemoteSwiftPackageReference "tree-sitter-spm" */ = {
			isa = XCRemoteSwiftPackageReference;
			repositoryURL = "https://github.com/ActuallyTaylor/tree-sitter-spm";
			requirement = {
				branch = master;
				kind = branch;
			};
		};
		DBF310FD2A2540C10003606E /* XCRemoteSwiftPackageReference "keychain-swift" */ = {
			isa = XCRemoteSwiftPackageReference;
			repositoryURL = "https://github.com/evgenyneu/keychain-swift.git";
			requirement = {
				kind = upToNextMajorVersion;
				minimumVersion = 20.0.0;
			};
		};
/* End XCRemoteSwiftPackageReference section */

/* Begin XCSwiftPackageProductDependency section */
		DB4681192A1483D6003964CC /* HydrogenReporter */ = {
			isa = XCSwiftPackageProductDependency;
			package = DB4681182A1483D6003964CC /* XCRemoteSwiftPackageReference "HydrogenReporter" */;
			productName = HydrogenReporter;
		};
		DB4EAFC02A19AB9300B44F4D /* Open-Jellycore */ = {
			isa = XCSwiftPackageProductDependency;
			productName = "Open-Jellycore";
		};
		DB4EAFC22A19AB9300B44F4D /* Runestone */ = {
			isa = XCSwiftPackageProductDependency;
			productName = Runestone;
		};
		DB4EAFC42A19AB9300B44F4D /* TreeSitterJellyRunestone */ = {
			isa = XCSwiftPackageProductDependency;
			productName = TreeSitterJellyRunestone;
		};
		DBF310FE2A2540C10003606E /* KeychainSwift */ = {
			isa = XCSwiftPackageProductDependency;
			package = DBF310FD2A2540C10003606E /* XCRemoteSwiftPackageReference "keychain-swift" */;
			productName = KeychainSwift;
		};
/* End XCSwiftPackageProductDependency section */

/* Begin XCVersionGroup section */
		DB4680EE2A147FB7003964CC /* Jellycuts.xcdatamodeld */ = {
			isa = XCVersionGroup;
			children = (
				DB4680EF2A147FB7003964CC /* Jellycuts.xcdatamodel */,
			);
			currentVersion = DB4680EF2A147FB7003964CC /* Jellycuts.xcdatamodel */;
			path = Jellycuts.xcdatamodeld;
			sourceTree = "<group>";
			versionGroupType = wrapper.xcdatamodel;
		};
/* End XCVersionGroup section */
	};
	rootObject = DB4680CC2A147AAC003964CC /* Project object */;
}
