// !$*UTF8*$!
{
	archiveVersion = 1;
	classes = {
	};
	objectVersion = 56;
	objects = {

/* Begin PBXBuildFile section */
		DB290B8D2A31AB1D00BEAB7F /* RunestoneThemes in Frameworks */ = {isa = PBXBuildFile; productRef = DB290B8C2A31AB1D00BEAB7F /* RunestoneThemes */; };
		DB4680D82A147AAC003964CC /* JellycutsApp.swift in Sources */ = {isa = PBXBuildFile; fileRef = DB4680D72A147AAC003964CC /* JellycutsApp.swift */; };
		DB4680DA2A147AAC003964CC /* JellycutsDocument.swift in Sources */ = {isa = PBXBuildFile; fileRef = DB4680D92A147AAC003964CC /* JellycutsDocument.swift */; };
		DB4680DC2A147AAC003964CC /* DocumentView.swift in Sources */ = {isa = PBXBuildFile; fileRef = DB4680DB2A147AAC003964CC /* DocumentView.swift */; };
		DB4680DE2A147AAD003964CC /* Assets.xcassets in Resources */ = {isa = PBXBuildFile; fileRef = DB4680DD2A147AAD003964CC /* Assets.xcassets */; };
		DB4680E32A147AAD003964CC /* Preview Assets.xcassets in Resources */ = {isa = PBXBuildFile; fileRef = DB4680E22A147AAD003964CC /* Preview Assets.xcassets */; };
		DB4680F02A147FB7003964CC /* Jellycuts.xcdatamodeld in Sources */ = {isa = PBXBuildFile; fileRef = DB4680EE2A147FB7003964CC /* Jellycuts.xcdatamodeld */; };
		DB4680F22A1480E5003964CC /* HomeView.swift in Sources */ = {isa = PBXBuildFile; fileRef = DB4680F12A1480E5003964CC /* HomeView.swift */; };
		DB4681142A148131003964CC /* Persistance.swift in Sources */ = {isa = PBXBuildFile; fileRef = DB4681132A148131003964CC /* Persistance.swift */; };
		DB4681162A14835E003964CC /* ErrorHandler.swift in Sources */ = {isa = PBXBuildFile; fileRef = DB4681152A14835E003964CC /* ErrorHandler.swift */; };
		DB46811A2A1483D6003964CC /* HydrogenReporter in Frameworks */ = {isa = PBXBuildFile; productRef = DB4681192A1483D6003964CC /* HydrogenReporter */; };
		DB4681212A149591003964CC /* RunestoneEditor.swift in Sources */ = {isa = PBXBuildFile; fileRef = DB4681202A149591003964CC /* RunestoneEditor.swift */; };
		DB4EAFC12A19AB9300B44F4D /* Open-Jellycore in Frameworks */ = {isa = PBXBuildFile; productRef = DB4EAFC02A19AB9300B44F4D /* Open-Jellycore */; };
		DB4EAFC32A19AB9300B44F4D /* Runestone in Frameworks */ = {isa = PBXBuildFile; productRef = DB4EAFC22A19AB9300B44F4D /* Runestone */; };
		DB4EAFC52A19AB9300B44F4D /* TreeSitterJellyRunestone in Frameworks */ = {isa = PBXBuildFile; productRef = DB4EAFC42A19AB9300B44F4D /* TreeSitterJellyRunestone */; };
		DB51953B2A33B31A00738A85 /* BridgeView.swift in Sources */ = {isa = PBXBuildFile; fileRef = DB51953A2A33B31A00738A85 /* BridgeView.swift */; };
		DB51953D2A33B3CF00738A85 /* WebSocket.swift in Sources */ = {isa = PBXBuildFile; fileRef = DB51953C2A33B3CF00738A85 /* WebSocket.swift */; };
		DB66094E2A315C19001431B2 /* SettingsBehaviorView.swift in Sources */ = {isa = PBXBuildFile; fileRef = DB66094D2A315C19001431B2 /* SettingsBehaviorView.swift */; };
		DB6609502A315F80001431B2 /* ProjectSort.swift in Sources */ = {isa = PBXBuildFile; fileRef = DB66094F2A315F80001431B2 /* ProjectSort.swift */; };
		DB6609532A316238001431B2 /* BetterSafariView in Frameworks */ = {isa = PBXBuildFile; productRef = DB6609522A316238001431B2 /* BetterSafariView */; };
		DB6609562A316260001431B2 /* Haptics.swift in Sources */ = {isa = PBXBuildFile; fileRef = DB6609552A316260001431B2 /* Haptics.swift */; };
		DB6609582A3165C0001431B2 /* SettingsContactView.swift in Sources */ = {isa = PBXBuildFile; fileRef = DB6609572A3165C0001431B2 /* SettingsContactView.swift */; };
		DB66095A2A3167D0001431B2 /* SettingsAboutView.swift in Sources */ = {isa = PBXBuildFile; fileRef = DB6609592A3167D0001431B2 /* SettingsAboutView.swift */; };
		DB66095C2A3168F4001431B2 /* SettingsCreditView.swift in Sources */ = {isa = PBXBuildFile; fileRef = DB66095B2A3168F4001431B2 /* SettingsCreditView.swift */; };
		DB66095E2A316B81001431B2 /* SettingsPrivacyView.swift in Sources */ = {isa = PBXBuildFile; fileRef = DB66095D2A316B81001431B2 /* SettingsPrivacyView.swift */; };
		DB77396D2A25B5F600F883F0 /* ShortcutsSigner.swift in Sources */ = {isa = PBXBuildFile; fileRef = DB77396C2A25B5F600F883F0 /* ShortcutsSigner.swift */; };
		DB77396F2A25B63900F883F0 /* Reachability.swift in Sources */ = {isa = PBXBuildFile; fileRef = DB77396E2A25B63900F883F0 /* Reachability.swift */; };
		DB7739712A25B8B600F883F0 /* Dispatch.swift in Sources */ = {isa = PBXBuildFile; fileRef = DB7739702A25B8B600F883F0 /* Dispatch.swift */; };
		DBB32C412A2413D9003FDD90 /* Colors+Hex.swift in Sources */ = {isa = PBXBuildFile; fileRef = DBB32C402A2413D9003FDD90 /* Colors+Hex.swift */; };
		DBB32C442A241CFB003FDD90 /* CodeBlockStyle.swift in Sources */ = {isa = PBXBuildFile; fileRef = DBB32C432A241CFB003FDD90 /* CodeBlockStyle.swift */; };
		DBC684F42A33ADCC0038D86D /* BridgeList.swift in Sources */ = {isa = PBXBuildFile; fileRef = DBC684F32A33ADCC0038D86D /* BridgeList.swift */; };
		DBC684F62A33AE0D0038D86D /* BridgeViewModel.swift in Sources */ = {isa = PBXBuildFile; fileRef = DBC684F52A33AE0D0038D86D /* BridgeViewModel.swift */; };
		DBC684FA2A33AEB40038D86D /* v1Server.swift in Sources */ = {isa = PBXBuildFile; fileRef = DBC684F92A33AEB40038D86D /* v1Server.swift */; };
		DBC99A122A285BE400CA742E /* RunestoneEditorConfig.swift in Sources */ = {isa = PBXBuildFile; fileRef = DBC99A112A285BE400CA742E /* RunestoneEditorConfig.swift */; };
		DBC99A152A2866DD00CA742E /* DocumentViewModel.swift in Sources */ = {isa = PBXBuildFile; fileRef = DBC99A142A2866DD00CA742E /* DocumentViewModel.swift */; };
		DBC9E39E2A31975500158E83 /* SettingsThemeSelector.swift in Sources */ = {isa = PBXBuildFile; fileRef = DBC9E39D2A31975500158E83 /* SettingsThemeSelector.swift */; };
		DBC9E3A02A3197B500158E83 /* View+FakeInsetGrouped.swift in Sources */ = {isa = PBXBuildFile; fileRef = DBC9E39F2A3197B500158E83 /* View+FakeInsetGrouped.swift */; };
		DBD08AFF2A298D8F0068D7B8 /* ConsoleView.swift in Sources */ = {isa = PBXBuildFile; fileRef = DBD08AFE2A298D8F0068D7B8 /* ConsoleView.swift */; };
		DBD216EB2A295FEF003BB5F2 /* QuickLook.swift in Sources */ = {isa = PBXBuildFile; fileRef = DBD216EA2A295FEF003BB5F2 /* QuickLook.swift */; };
		DBD216ED2A296019003BB5F2 /* UIDevice+Convenience.swift in Sources */ = {isa = PBXBuildFile; fileRef = DBD216EC2A296019003BB5F2 /* UIDevice+Convenience.swift */; };
		DBD48AE22A313615002D8A4F /* SettingsView.swift in Sources */ = {isa = PBXBuildFile; fileRef = DBD48AE12A313615002D8A4F /* SettingsView.swift */; };
		DBD48B032A3146C4002D8A4F /* SettingsAppearanceView.swift in Sources */ = {isa = PBXBuildFile; fileRef = DBD48B022A3146C4002D8A4F /* SettingsAppearanceView.swift */; };
		DBD48B052A31473D002D8A4F /* AppIconManager.swift in Sources */ = {isa = PBXBuildFile; fileRef = DBD48B042A31473D002D8A4F /* AppIconManager.swift */; };
		DBD48B082A3147A1002D8A4F /* AccentColor.swift in Sources */ = {isa = PBXBuildFile; fileRef = DBD48B072A3147A1002D8A4F /* AccentColor.swift */; };
		DBD48B0A2A3147BF002D8A4F /* PreferenceManager.swift in Sources */ = {isa = PBXBuildFile; fileRef = DBD48B092A3147BF002D8A4F /* PreferenceManager.swift */; };
		DBD48B0C2A3147DE002D8A4F /* Color+Codable.swift in Sources */ = {isa = PBXBuildFile; fileRef = DBD48B0B2A3147DE002D8A4F /* Color+Codable.swift */; };
		DBD48B0F2A31483F002D8A4F /* SettingsIconView.swift in Sources */ = {isa = PBXBuildFile; fileRef = DBD48B0E2A31483F002D8A4F /* SettingsIconView.swift */; };
		DBD48B112A31488F002D8A4F /* AppearanceManager.swift in Sources */ = {isa = PBXBuildFile; fileRef = DBD48B102A31488F002D8A4F /* AppearanceManager.swift */; };
		DBD48B132A3148D5002D8A4F /* DynamicTypeSize.swift in Sources */ = {isa = PBXBuildFile; fileRef = DBD48B122A3148D5002D8A4F /* DynamicTypeSize.swift */; };
		DBD48B152A31494E002D8A4F /* JellycutsEnvironment.swift in Sources */ = {isa = PBXBuildFile; fileRef = DBD48B142A31494E002D8A4F /* JellycutsEnvironment.swift */; };
		DBD48B172A314BD0002D8A4F /* RoundedFont.swift in Sources */ = {isa = PBXBuildFile; fileRef = DBD48B162A314BD0002D8A4F /* RoundedFont.swift */; };
		DBEC26372A2853C300676BE0 /* ToolBarView.swift in Sources */ = {isa = PBXBuildFile; fileRef = DBEC26362A2853C300676BE0 /* ToolBarView.swift */; };
		DBED21802A23E65D00464286 /* LabelConfiguration.swift in Sources */ = {isa = PBXBuildFile; fileRef = DBED217F2A23E65D00464286 /* LabelConfiguration.swift */; };
		DBED21862A23E7BF00464286 /* ToolView.swift in Sources */ = {isa = PBXBuildFile; fileRef = DBED21852A23E7BF00464286 /* ToolView.swift */; };
		DBED21882A23EC3900464286 /* SheetDelegator.swift in Sources */ = {isa = PBXBuildFile; fileRef = DBED21872A23EC3900464286 /* SheetDelegator.swift */; };
		DBED218E2A23F7E700464286 /* DocumentationHomeView.swift in Sources */ = {isa = PBXBuildFile; fileRef = DBED218D2A23F7E700464286 /* DocumentationHomeView.swift */; };
		DBED21902A23F99200464286 /* DocumentationLibraryView.swift in Sources */ = {isa = PBXBuildFile; fileRef = DBED218F2A23F99200464286 /* DocumentationLibraryView.swift */; };
		DBED21922A23FBF100464286 /* DocumentationActionView.swift in Sources */ = {isa = PBXBuildFile; fileRef = DBED21912A23FBF100464286 /* DocumentationActionView.swift */; };
		DBED21962A2412F800464286 /* IconCreator.swift in Sources */ = {isa = PBXBuildFile; fileRef = DBED21952A2412F800464286 /* IconCreator.swift */; };
		DBF216B52A27C7EE0089B889 /* DocumentHandling.swift in Sources */ = {isa = PBXBuildFile; fileRef = DBF216B42A27C7EE0089B889 /* DocumentHandling.swift */; };
		DBF310F82A253F7A0003606E /* DictionaryBuilderView.swift in Sources */ = {isa = PBXBuildFile; fileRef = DBF310F72A253F7A0003606E /* DictionaryBuilderView.swift */; };
		DBF310FA2A2540050003606E /* DictionaryHandler.swift in Sources */ = {isa = PBXBuildFile; fileRef = DBF310F92A2540050003606E /* DictionaryHandler.swift */; };
		DBF310FC2A2540AF0003606E /* SharedDataStorageManager.swift in Sources */ = {isa = PBXBuildFile; fileRef = DBF310FB2A2540AF0003606E /* SharedDataStorageManager.swift */; };
		DBF310FF2A2540C10003606E /* KeychainSwift in Frameworks */ = {isa = PBXBuildFile; productRef = DBF310FE2A2540C10003606E /* KeychainSwift */; };
		DBF311012A2540DA0003606E /* Constants.swift in Sources */ = {isa = PBXBuildFile; fileRef = DBF311002A2540DA0003606E /* Constants.swift */; };
		DBF311032A2546F00003606E /* DictionaryView.swift in Sources */ = {isa = PBXBuildFile; fileRef = DBF311022A2546F00003606E /* DictionaryView.swift */; };
		DBF311052A254F230003606E /* DictionaryAddValueSheet.swift in Sources */ = {isa = PBXBuildFile; fileRef = DBF311042A254F230003606E /* DictionaryAddValueSheet.swift */; };
		DBF311072A255B540003606E /* ArrayView.swift in Sources */ = {isa = PBXBuildFile; fileRef = DBF311062A255B540003606E /* ArrayView.swift */; };
		DBFC1F102A292DAF00A8EE67 /* Intents.framework in Frameworks */ = {isa = PBXBuildFile; fileRef = DBF216872A27B8F50089B889 /* Intents.framework */; };
		DBFC1F132A292DAF00A8EE67 /* IntentHandler.swift in Sources */ = {isa = PBXBuildFile; fileRef = DBFC1F122A292DAF00A8EE67 /* IntentHandler.swift */; };
		DBFC1F172A292DAF00A8EE67 /* Actions.appex in Embed Foundation Extensions */ = {isa = PBXBuildFile; fileRef = DBFC1F0F2A292DAF00A8EE67 /* Actions.appex */; settings = {ATTRIBUTES = (RemoveHeadersOnCopy, ); }; };
		DBFC1F1C2A292DEE00A8EE67 /* Intents.intentdefinition in Sources */ = {isa = PBXBuildFile; fileRef = DBFC1F1B2A292DEE00A8EE67 /* Intents.intentdefinition */; };
		DBFC1F1D2A292DF500A8EE67 /* Intents.intentdefinition in Sources */ = {isa = PBXBuildFile; fileRef = DBFC1F1B2A292DEE00A8EE67 /* Intents.intentdefinition */; };
		DBFC1F1F2A292E9400A8EE67 /* GetShortcutHandler.swift in Sources */ = {isa = PBXBuildFile; fileRef = DBFC1F1E2A292E9400A8EE67 /* GetShortcutHandler.swift */; };
		DBFC1F202A292F4F00A8EE67 /* Constants.swift in Sources */ = {isa = PBXBuildFile; fileRef = DBF311002A2540DA0003606E /* Constants.swift */; };
		DBFC1F212A292F4F00A8EE67 /* SharedDataStorageManager.swift in Sources */ = {isa = PBXBuildFile; fileRef = DBF310FB2A2540AF0003606E /* SharedDataStorageManager.swift */; };
		DBFC1F232A292F6200A8EE67 /* HydrogenReporter in Frameworks */ = {isa = PBXBuildFile; productRef = DBFC1F222A292F6200A8EE67 /* HydrogenReporter */; };
		DBFC1F252A292F6400A8EE67 /* KeychainSwift in Frameworks */ = {isa = PBXBuildFile; productRef = DBFC1F242A292F6400A8EE67 /* KeychainSwift */; };
/* End PBXBuildFile section */

/* Begin PBXContainerItemProxy section */
		DBFC1F152A292DAF00A8EE67 /* PBXContainerItemProxy */ = {
			isa = PBXContainerItemProxy;
			containerPortal = DB4680CC2A147AAC003964CC /* Project object */;
			proxyType = 1;
			remoteGlobalIDString = DBFC1F0E2A292DAF00A8EE67;
			remoteInfo = Actions;
		};
/* End PBXContainerItemProxy section */

/* Begin PBXCopyFilesBuildPhase section */
		DB966A362A27B8A200DD6042 /* Embed ExtensionKit Extensions */ = {
			isa = PBXCopyFilesBuildPhase;
			buildActionMask = 2147483647;
			dstPath = "$(EXTENSIONS_FOLDER_PATH)";
			dstSubfolderSpec = 16;
			files = (
			);
			name = "Embed ExtensionKit Extensions";
			runOnlyForDeploymentPostprocessing = 0;
		};
		DBF216932A27B8F50089B889 /* Embed Foundation Extensions */ = {
			isa = PBXCopyFilesBuildPhase;
			buildActionMask = 2147483647;
			dstPath = "";
			dstSubfolderSpec = 13;
			files = (
				DBFC1F172A292DAF00A8EE67 /* Actions.appex in Embed Foundation Extensions */,
			);
			name = "Embed Foundation Extensions";
			runOnlyForDeploymentPostprocessing = 0;
		};
/* End PBXCopyFilesBuildPhase section */

/* Begin PBXFileReference section */
		DB290B8B2A31AAC100BEAB7F /* Swift-Themes */ = {isa = PBXFileReference; lastKnownFileType = wrapper; name = "Swift-Themes"; path = "Packages/Swift-Themes"; sourceTree = "<group>"; };
		DB4680D42A147AAC003964CC /* Jellycuts.app */ = {isa = PBXFileReference; explicitFileType = wrapper.application; includeInIndex = 0; path = Jellycuts.app; sourceTree = BUILT_PRODUCTS_DIR; };
		DB4680D72A147AAC003964CC /* JellycutsApp.swift */ = {isa = PBXFileReference; lastKnownFileType = sourcecode.swift; path = JellycutsApp.swift; sourceTree = "<group>"; };
		DB4680D92A147AAC003964CC /* JellycutsDocument.swift */ = {isa = PBXFileReference; lastKnownFileType = sourcecode.swift; path = JellycutsDocument.swift; sourceTree = "<group>"; };
		DB4680DB2A147AAC003964CC /* DocumentView.swift */ = {isa = PBXFileReference; lastKnownFileType = sourcecode.swift; path = DocumentView.swift; sourceTree = "<group>"; };
		DB4680DD2A147AAD003964CC /* Assets.xcassets */ = {isa = PBXFileReference; lastKnownFileType = folder.assetcatalog; path = Assets.xcassets; sourceTree = "<group>"; };
		DB4680DF2A147AAD003964CC /* Info.plist */ = {isa = PBXFileReference; lastKnownFileType = text.plist.xml; path = Info.plist; sourceTree = "<group>"; };
		DB4680E02A147AAD003964CC /* Jellycuts.entitlements */ = {isa = PBXFileReference; lastKnownFileType = text.plist.entitlements; path = Jellycuts.entitlements; sourceTree = "<group>"; };
		DB4680E22A147AAD003964CC /* Preview Assets.xcassets */ = {isa = PBXFileReference; lastKnownFileType = folder.assetcatalog; path = "Preview Assets.xcassets"; sourceTree = "<group>"; };
		DB4680EF2A147FB7003964CC /* Jellycuts.xcdatamodel */ = {isa = PBXFileReference; lastKnownFileType = wrapper.xcdatamodel; path = Jellycuts.xcdatamodel; sourceTree = "<group>"; };
		DB4680F12A1480E5003964CC /* HomeView.swift */ = {isa = PBXFileReference; lastKnownFileType = sourcecode.swift; path = HomeView.swift; sourceTree = "<group>"; };
		DB4681132A148131003964CC /* Persistance.swift */ = {isa = PBXFileReference; lastKnownFileType = sourcecode.swift; path = Persistance.swift; sourceTree = "<group>"; };
		DB4681152A14835E003964CC /* ErrorHandler.swift */ = {isa = PBXFileReference; lastKnownFileType = sourcecode.swift; path = ErrorHandler.swift; sourceTree = "<group>"; };
		DB4681202A149591003964CC /* RunestoneEditor.swift */ = {isa = PBXFileReference; lastKnownFileType = sourcecode.swift; path = RunestoneEditor.swift; sourceTree = "<group>"; };
		DB4EAFBD2A19AA8700B44F4D /* Runestone */ = {isa = PBXFileReference; lastKnownFileType = wrapper; name = Runestone; path = Packages/Runestone; sourceTree = "<group>"; };
		DB4EAFBE2A19AA9100B44F4D /* tree-sitter-jelly */ = {isa = PBXFileReference; lastKnownFileType = wrapper; name = "tree-sitter-jelly"; path = "Packages/tree-sitter-jelly"; sourceTree = "<group>"; };
		DB4EAFBF2A19AACA00B44F4D /* Open-Jellycore */ = {isa = PBXFileReference; lastKnownFileType = wrapper; name = "Open-Jellycore"; path = "Packages/Open-Jellycore"; sourceTree = "<group>"; };
		DB51953A2A33B31A00738A85 /* BridgeView.swift */ = {isa = PBXFileReference; lastKnownFileType = sourcecode.swift; path = BridgeView.swift; sourceTree = "<group>"; };
		DB51953C2A33B3CF00738A85 /* WebSocket.swift */ = {isa = PBXFileReference; lastKnownFileType = sourcecode.swift; path = WebSocket.swift; sourceTree = "<group>"; };
		DB66094D2A315C19001431B2 /* SettingsBehaviorView.swift */ = {isa = PBXFileReference; lastKnownFileType = sourcecode.swift; path = SettingsBehaviorView.swift; sourceTree = "<group>"; };
		DB66094F2A315F80001431B2 /* ProjectSort.swift */ = {isa = PBXFileReference; lastKnownFileType = sourcecode.swift; path = ProjectSort.swift; sourceTree = "<group>"; };
		DB6609552A316260001431B2 /* Haptics.swift */ = {isa = PBXFileReference; lastKnownFileType = sourcecode.swift; path = Haptics.swift; sourceTree = "<group>"; };
		DB6609572A3165C0001431B2 /* SettingsContactView.swift */ = {isa = PBXFileReference; lastKnownFileType = sourcecode.swift; path = SettingsContactView.swift; sourceTree = "<group>"; };
		DB6609592A3167D0001431B2 /* SettingsAboutView.swift */ = {isa = PBXFileReference; lastKnownFileType = sourcecode.swift; path = SettingsAboutView.swift; sourceTree = "<group>"; };
		DB66095B2A3168F4001431B2 /* SettingsCreditView.swift */ = {isa = PBXFileReference; lastKnownFileType = sourcecode.swift; path = SettingsCreditView.swift; sourceTree = "<group>"; };
		DB66095D2A316B81001431B2 /* SettingsPrivacyView.swift */ = {isa = PBXFileReference; lastKnownFileType = sourcecode.swift; path = SettingsPrivacyView.swift; sourceTree = "<group>"; };
		DB77396A2A25B42000F883F0 /* Jellycuts-Release.xcconfig */ = {isa = PBXFileReference; lastKnownFileType = text.xcconfig; path = "Jellycuts-Release.xcconfig"; sourceTree = "<group>"; };
		DB77396C2A25B5F600F883F0 /* ShortcutsSigner.swift */ = {isa = PBXFileReference; lastKnownFileType = sourcecode.swift; path = ShortcutsSigner.swift; sourceTree = "<group>"; };
		DB77396E2A25B63900F883F0 /* Reachability.swift */ = {isa = PBXFileReference; lastKnownFileType = sourcecode.swift; path = Reachability.swift; sourceTree = "<group>"; };
		DB7739702A25B8B600F883F0 /* Dispatch.swift */ = {isa = PBXFileReference; lastKnownFileType = sourcecode.swift; path = Dispatch.swift; sourceTree = "<group>"; };
		DBB32C402A2413D9003FDD90 /* Colors+Hex.swift */ = {isa = PBXFileReference; lastKnownFileType = sourcecode.swift; path = "Colors+Hex.swift"; sourceTree = "<group>"; };
		DBB32C432A241CFB003FDD90 /* CodeBlockStyle.swift */ = {isa = PBXFileReference; lastKnownFileType = sourcecode.swift; path = CodeBlockStyle.swift; sourceTree = "<group>"; };
		DBC684F32A33ADCC0038D86D /* BridgeList.swift */ = {isa = PBXFileReference; lastKnownFileType = sourcecode.swift; path = BridgeList.swift; sourceTree = "<group>"; };
		DBC684F52A33AE0D0038D86D /* BridgeViewModel.swift */ = {isa = PBXFileReference; lastKnownFileType = sourcecode.swift; path = BridgeViewModel.swift; sourceTree = "<group>"; };
		DBC684F92A33AEB40038D86D /* v1Server.swift */ = {isa = PBXFileReference; lastKnownFileType = sourcecode.swift; path = v1Server.swift; sourceTree = "<group>"; };
		DBC99A112A285BE400CA742E /* RunestoneEditorConfig.swift */ = {isa = PBXFileReference; lastKnownFileType = sourcecode.swift; path = RunestoneEditorConfig.swift; sourceTree = "<group>"; };
		DBC99A142A2866DD00CA742E /* DocumentViewModel.swift */ = {isa = PBXFileReference; lastKnownFileType = sourcecode.swift; path = DocumentViewModel.swift; sourceTree = "<group>"; };
		DBC9E39D2A31975500158E83 /* SettingsThemeSelector.swift */ = {isa = PBXFileReference; lastKnownFileType = sourcecode.swift; path = SettingsThemeSelector.swift; sourceTree = "<group>"; };
		DBC9E39F2A3197B500158E83 /* View+FakeInsetGrouped.swift */ = {isa = PBXFileReference; lastKnownFileType = sourcecode.swift; path = "View+FakeInsetGrouped.swift"; sourceTree = "<group>"; };
		DBD08AFE2A298D8F0068D7B8 /* ConsoleView.swift */ = {isa = PBXFileReference; lastKnownFileType = sourcecode.swift; path = ConsoleView.swift; sourceTree = "<group>"; };
		DBD216EA2A295FEF003BB5F2 /* QuickLook.swift */ = {isa = PBXFileReference; lastKnownFileType = sourcecode.swift; path = QuickLook.swift; sourceTree = "<group>"; };
		DBD216EC2A296019003BB5F2 /* UIDevice+Convenience.swift */ = {isa = PBXFileReference; lastKnownFileType = sourcecode.swift; path = "UIDevice+Convenience.swift"; sourceTree = "<group>"; };
		DBD48ADD2A30F39C002D8A4F /* TreeSitterJellyRunestone */ = {isa = PBXFileReference; lastKnownFileType = wrapper; name = TreeSitterJellyRunestone; path = Packages/TreeSitterJellyRunestone; sourceTree = "<group>"; };
		DBD48AE12A313615002D8A4F /* SettingsView.swift */ = {isa = PBXFileReference; lastKnownFileType = sourcecode.swift; path = SettingsView.swift; sourceTree = "<group>"; };
		DBD48B022A3146C4002D8A4F /* SettingsAppearanceView.swift */ = {isa = PBXFileReference; lastKnownFileType = sourcecode.swift; path = SettingsAppearanceView.swift; sourceTree = "<group>"; };
		DBD48B042A31473D002D8A4F /* AppIconManager.swift */ = {isa = PBXFileReference; lastKnownFileType = sourcecode.swift; path = AppIconManager.swift; sourceTree = "<group>"; };
		DBD48B072A3147A1002D8A4F /* AccentColor.swift */ = {isa = PBXFileReference; lastKnownFileType = sourcecode.swift; path = AccentColor.swift; sourceTree = "<group>"; };
		DBD48B092A3147BF002D8A4F /* PreferenceManager.swift */ = {isa = PBXFileReference; lastKnownFileType = sourcecode.swift; path = PreferenceManager.swift; sourceTree = "<group>"; };
		DBD48B0B2A3147DE002D8A4F /* Color+Codable.swift */ = {isa = PBXFileReference; lastKnownFileType = sourcecode.swift; path = "Color+Codable.swift"; sourceTree = "<group>"; };
		DBD48B0E2A31483F002D8A4F /* SettingsIconView.swift */ = {isa = PBXFileReference; lastKnownFileType = sourcecode.swift; path = SettingsIconView.swift; sourceTree = "<group>"; };
		DBD48B102A31488F002D8A4F /* AppearanceManager.swift */ = {isa = PBXFileReference; lastKnownFileType = sourcecode.swift; path = AppearanceManager.swift; sourceTree = "<group>"; };
		DBD48B122A3148D5002D8A4F /* DynamicTypeSize.swift */ = {isa = PBXFileReference; lastKnownFileType = sourcecode.swift; path = DynamicTypeSize.swift; sourceTree = "<group>"; };
		DBD48B142A31494E002D8A4F /* JellycutsEnvironment.swift */ = {isa = PBXFileReference; lastKnownFileType = sourcecode.swift; path = JellycutsEnvironment.swift; sourceTree = "<group>"; };
		DBD48B162A314BD0002D8A4F /* RoundedFont.swift */ = {isa = PBXFileReference; lastKnownFileType = sourcecode.swift; path = RoundedFont.swift; sourceTree = "<group>"; };
		DBEC26362A2853C300676BE0 /* ToolBarView.swift */ = {isa = PBXFileReference; lastKnownFileType = sourcecode.swift; path = ToolBarView.swift; sourceTree = "<group>"; };
		DBED217F2A23E65D00464286 /* LabelConfiguration.swift */ = {isa = PBXFileReference; lastKnownFileType = sourcecode.swift; path = LabelConfiguration.swift; sourceTree = "<group>"; };
		DBED21852A23E7BF00464286 /* ToolView.swift */ = {isa = PBXFileReference; lastKnownFileType = sourcecode.swift; path = ToolView.swift; sourceTree = "<group>"; };
		DBED21872A23EC3900464286 /* SheetDelegator.swift */ = {isa = PBXFileReference; lastKnownFileType = sourcecode.swift; path = SheetDelegator.swift; sourceTree = "<group>"; };
		DBED218D2A23F7E700464286 /* DocumentationHomeView.swift */ = {isa = PBXFileReference; lastKnownFileType = sourcecode.swift; path = DocumentationHomeView.swift; sourceTree = "<group>"; };
		DBED218F2A23F99200464286 /* DocumentationLibraryView.swift */ = {isa = PBXFileReference; lastKnownFileType = sourcecode.swift; path = DocumentationLibraryView.swift; sourceTree = "<group>"; };
		DBED21912A23FBF100464286 /* DocumentationActionView.swift */ = {isa = PBXFileReference; lastKnownFileType = sourcecode.swift; path = DocumentationActionView.swift; sourceTree = "<group>"; };
		DBED21952A2412F800464286 /* IconCreator.swift */ = {isa = PBXFileReference; lastKnownFileType = sourcecode.swift; path = IconCreator.swift; sourceTree = "<group>"; };
		DBF216872A27B8F50089B889 /* Intents.framework */ = {isa = PBXFileReference; lastKnownFileType = wrapper.framework; name = Intents.framework; path = System/Library/Frameworks/Intents.framework; sourceTree = SDKROOT; };
		DBF216B42A27C7EE0089B889 /* DocumentHandling.swift */ = {isa = PBXFileReference; lastKnownFileType = sourcecode.swift; path = DocumentHandling.swift; sourceTree = "<group>"; };
		DBF310F72A253F7A0003606E /* DictionaryBuilderView.swift */ = {isa = PBXFileReference; lastKnownFileType = sourcecode.swift; path = DictionaryBuilderView.swift; sourceTree = "<group>"; };
		DBF310F92A2540050003606E /* DictionaryHandler.swift */ = {isa = PBXFileReference; lastKnownFileType = sourcecode.swift; path = DictionaryHandler.swift; sourceTree = "<group>"; };
		DBF310FB2A2540AF0003606E /* SharedDataStorageManager.swift */ = {isa = PBXFileReference; lastKnownFileType = sourcecode.swift; path = SharedDataStorageManager.swift; sourceTree = "<group>"; };
		DBF311002A2540DA0003606E /* Constants.swift */ = {isa = PBXFileReference; lastKnownFileType = sourcecode.swift; path = Constants.swift; sourceTree = "<group>"; };
		DBF311022A2546F00003606E /* DictionaryView.swift */ = {isa = PBXFileReference; lastKnownFileType = sourcecode.swift; path = DictionaryView.swift; sourceTree = "<group>"; };
		DBF311042A254F230003606E /* DictionaryAddValueSheet.swift */ = {isa = PBXFileReference; lastKnownFileType = sourcecode.swift; path = DictionaryAddValueSheet.swift; sourceTree = "<group>"; };
		DBF311062A255B540003606E /* ArrayView.swift */ = {isa = PBXFileReference; lastKnownFileType = sourcecode.swift; path = ArrayView.swift; sourceTree = "<group>"; };
		DBFC1F0F2A292DAF00A8EE67 /* Actions.appex */ = {isa = PBXFileReference; explicitFileType = "wrapper.app-extension"; includeInIndex = 0; path = Actions.appex; sourceTree = BUILT_PRODUCTS_DIR; };
		DBFC1F122A292DAF00A8EE67 /* IntentHandler.swift */ = {isa = PBXFileReference; lastKnownFileType = sourcecode.swift; path = IntentHandler.swift; sourceTree = "<group>"; };
		DBFC1F142A292DAF00A8EE67 /* Info.plist */ = {isa = PBXFileReference; lastKnownFileType = text.plist.xml; path = Info.plist; sourceTree = "<group>"; };
		DBFC1F1B2A292DEE00A8EE67 /* Intents.intentdefinition */ = {isa = PBXFileReference; lastKnownFileType = file.intentdefinition; path = Intents.intentdefinition; sourceTree = "<group>"; };
		DBFC1F1E2A292E9400A8EE67 /* GetShortcutHandler.swift */ = {isa = PBXFileReference; lastKnownFileType = sourcecode.swift; path = GetShortcutHandler.swift; sourceTree = "<group>"; };
		DBFC1F262A292FAC00A8EE67 /* Actions.entitlements */ = {isa = PBXFileReference; lastKnownFileType = text.plist.entitlements; path = Actions.entitlements; sourceTree = "<group>"; };
/* End PBXFileReference section */

/* Begin PBXFrameworksBuildPhase section */
		DB4680D12A147AAC003964CC /* Frameworks */ = {
			isa = PBXFrameworksBuildPhase;
			buildActionMask = 2147483647;
			files = (
				DB290B8D2A31AB1D00BEAB7F /* RunestoneThemes in Frameworks */,
				DB4EAFC12A19AB9300B44F4D /* Open-Jellycore in Frameworks */,
				DB6609532A316238001431B2 /* BetterSafariView in Frameworks */,
				DB4EAFC32A19AB9300B44F4D /* Runestone in Frameworks */,
				DBF310FF2A2540C10003606E /* KeychainSwift in Frameworks */,
				DB4EAFC52A19AB9300B44F4D /* TreeSitterJellyRunestone in Frameworks */,
				DB46811A2A1483D6003964CC /* HydrogenReporter in Frameworks */,
			);
			runOnlyForDeploymentPostprocessing = 0;
		};
		DBFC1F0C2A292DAF00A8EE67 /* Frameworks */ = {
			isa = PBXFrameworksBuildPhase;
			buildActionMask = 2147483647;
			files = (
				DBFC1F252A292F6400A8EE67 /* KeychainSwift in Frameworks */,
				DBFC1F102A292DAF00A8EE67 /* Intents.framework in Frameworks */,
				DBFC1F232A292F6200A8EE67 /* HydrogenReporter in Frameworks */,
			);
			runOnlyForDeploymentPostprocessing = 0;
		};
/* End PBXFrameworksBuildPhase section */

/* Begin PBXGroup section */
		DB4680CB2A147AAC003964CC = {
			isa = PBXGroup;
			children = (
				DBF216A52A27B9B10089B889 /* Shared */,
				DB4680D62A147AAC003964CC /* Jellycuts */,
				DB4EAFBC2A19AA8700B44F4D /* Packages */,
				DBFC1F112A292DAF00A8EE67 /* Actions */,
				DB4680D52A147AAC003964CC /* Products */,
				DB4680EB2A147AD6003964CC /* Frameworks */,
			);
			sourceTree = "<group>";
		};
		DB4680D52A147AAC003964CC /* Products */ = {
			isa = PBXGroup;
			children = (
				DB4680D42A147AAC003964CC /* Jellycuts.app */,
				DBFC1F0F2A292DAF00A8EE67 /* Actions.appex */,
			);
			name = Products;
			sourceTree = "<group>";
		};
		DB4680D62A147AAC003964CC /* Jellycuts */ = {
			isa = PBXGroup;
			children = (
				DB4680D72A147AAC003964CC /* JellycutsApp.swift */,
				DBD48B142A31494E002D8A4F /* JellycutsEnvironment.swift */,
				DB6609542A316249001431B2 /* Helpers */,
				DB4681172A148368003964CC /* Protocols */,
				DB46811B2A1483ED003964CC /* Data */,
				DBED217D2A23E63100464286 /* Views */,
				DBB32C3F2A2413CB003FDD90 /* Extensions */,
				DB7739692A25B3EF00F883F0 /* Resources */,
				DB4680DF2A147AAD003964CC /* Info.plist */,
				DB4680E02A147AAD003964CC /* Jellycuts.entitlements */,
			);
			path = Jellycuts;
			sourceTree = "<group>";
		};
		DB4680EB2A147AD6003964CC /* Frameworks */ = {
			isa = PBXGroup;
			children = (
				DBF216872A27B8F50089B889 /* Intents.framework */,
			);
			name = Frameworks;
			sourceTree = "<group>";
		};
		DB4681172A148368003964CC /* Protocols */ = {
			isa = PBXGroup;
			children = (
				DB4681152A14835E003964CC /* ErrorHandler.swift */,
			);
			path = Protocols;
			sourceTree = "<group>";
		};
		DB46811B2A1483ED003964CC /* Data */ = {
			isa = PBXGroup;
			children = (
				DB4680EE2A147FB7003964CC /* Jellycuts.xcdatamodeld */,
				DB4681132A148131003964CC /* Persistance.swift */,
				DB4680D92A147AAC003964CC /* JellycutsDocument.swift */,
				DBF310F92A2540050003606E /* DictionaryHandler.swift */,
				DBF216B42A27C7EE0089B889 /* DocumentHandling.swift */,
				DB66094F2A315F80001431B2 /* ProjectSort.swift */,
				DBC684F82A33AEA70038D86D /* Bridge */,
				DBD48B062A314740002D8A4F /* Customization */,
			);
			path = Data;
			sourceTree = "<group>";
		};
		DB46811F2A14955F003964CC /* Representable */ = {
			isa = PBXGroup;
			children = (
				DBC99A112A285BE400CA742E /* RunestoneEditorConfig.swift */,
				DB4681202A149591003964CC /* RunestoneEditor.swift */,
			);
			path = Representable;
			sourceTree = "<group>";
		};
		DB4EAFBC2A19AA8700B44F4D /* Packages */ = {
			isa = PBXGroup;
			children = (
				DB4EAFBF2A19AACA00B44F4D /* Open-Jellycore */,
				DB4EAFBE2A19AA9100B44F4D /* tree-sitter-jelly */,
				DB4EAFBD2A19AA8700B44F4D /* Runestone */,
				DBD48ADD2A30F39C002D8A4F /* TreeSitterJellyRunestone */,
				DB290B8B2A31AAC100BEAB7F /* Swift-Themes */,
			);
			name = Packages;
			sourceTree = "<group>";
		};
		DB6609542A316249001431B2 /* Helpers */ = {
			isa = PBXGroup;
			children = (
				DB6609552A316260001431B2 /* Haptics.swift */,
				DB7739702A25B8B600F883F0 /* Dispatch.swift */,
				DB77396B2A25B5EE00F883F0 /* Signing */,
			);
			path = Helpers;
			sourceTree = "<group>";
		};
		DB7739692A25B3EF00F883F0 /* Resources */ = {
			isa = PBXGroup;
			children = (
				DB4680DD2A147AAD003964CC /* Assets.xcassets */,
				DB4680E22A147AAD003964CC /* Preview Assets.xcassets */,
				DB77396A2A25B42000F883F0 /* Jellycuts-Release.xcconfig */,
			);
			path = Resources;
			sourceTree = "<group>";
		};
		DB77396B2A25B5EE00F883F0 /* Signing */ = {
			isa = PBXGroup;
			children = (
				DB77396E2A25B63900F883F0 /* Reachability.swift */,
				DB77396C2A25B5F600F883F0 /* ShortcutsSigner.swift */,
			);
			path = Signing;
			sourceTree = "<group>";
		};
		DBB32C3F2A2413CB003FDD90 /* Extensions */ = {
			isa = PBXGroup;
			children = (
				DBB32C402A2413D9003FDD90 /* Colors+Hex.swift */,
				DBD48B0B2A3147DE002D8A4F /* Color+Codable.swift */,
				DBD216EC2A296019003BB5F2 /* UIDevice+Convenience.swift */,
				DBD48B122A3148D5002D8A4F /* DynamicTypeSize.swift */,
				DBD48B162A314BD0002D8A4F /* RoundedFont.swift */,
				DBC9E39F2A3197B500158E83 /* View+FakeInsetGrouped.swift */,
			);
			path = Extensions;
			sourceTree = "<group>";
		};
		DBC684F02A33AD900038D86D /* Jellycuts Bridge */ = {
			isa = PBXGroup;
			children = (
				DBC684F32A33ADCC0038D86D /* BridgeList.swift */,
				DB51953A2A33B31A00738A85 /* BridgeView.swift */,
			);
			path = "Jellycuts Bridge";
			sourceTree = "<group>";
		};
		DBC684F82A33AEA70038D86D /* Bridge */ = {
			isa = PBXGroup;
			children = (
				DBC684F92A33AEB40038D86D /* v1Server.swift */,
				DB51953C2A33B3CF00738A85 /* WebSocket.swift */,
			);
			path = Bridge;
			sourceTree = "<group>";
		};
		DBC99A132A2866C400CA742E /* View Models */ = {
			isa = PBXGroup;
			children = (
				DBC99A142A2866DD00CA742E /* DocumentViewModel.swift */,
				DBC684F52A33AE0D0038D86D /* BridgeViewModel.swift */,
			);
			path = "View Models";
			sourceTree = "<group>";
		};
		DBD48ADE2A3135CD002D8A4F /* Settings */ = {
			isa = PBXGroup;
			children = (
				DBD48AE12A313615002D8A4F /* SettingsView.swift */,
				DB66095D2A316B81001431B2 /* SettingsPrivacyView.swift */,
				DB66095B2A3168F4001431B2 /* SettingsCreditView.swift */,
				DB6609572A3165C0001431B2 /* SettingsContactView.swift */,
				DB6609592A3167D0001431B2 /* SettingsAboutView.swift */,
				DBD48B0D2A314836002D8A4F /* Customization */,
			);
			path = Settings;
			sourceTree = "<group>";
		};
		DBD48B062A314740002D8A4F /* Customization */ = {
			isa = PBXGroup;
			children = (
				DBD48B102A31488F002D8A4F /* AppearanceManager.swift */,
				DBD48B042A31473D002D8A4F /* AppIconManager.swift */,
				DBD48B072A3147A1002D8A4F /* AccentColor.swift */,
				DBD48B092A3147BF002D8A4F /* PreferenceManager.swift */,
			);
			path = Customization;
			sourceTree = "<group>";
		};
		DBD48B0D2A314836002D8A4F /* Customization */ = {
			isa = PBXGroup;
			children = (
				DBD48B022A3146C4002D8A4F /* SettingsAppearanceView.swift */,
				DBD48B0E2A31483F002D8A4F /* SettingsIconView.swift */,
				DB66094D2A315C19001431B2 /* SettingsBehaviorView.swift */,
				DBC9E39D2A31975500158E83 /* SettingsThemeSelector.swift */,
			);
			path = Customization;
			sourceTree = "<group>";
		};
		DBEC26332A2853A500676BE0 /* Document View */ = {
			isa = PBXGroup;
			children = (
				DB4680DB2A147AAC003964CC /* DocumentView.swift */,
				DBEC26362A2853C300676BE0 /* ToolBarView.swift */,
				DBD08AFE2A298D8F0068D7B8 /* ConsoleView.swift */,
			);
			path = "Document View";
			sourceTree = "<group>";
		};
		DBED217D2A23E63100464286 /* Views */ = {
			isa = PBXGroup;
			children = (
				DBC99A132A2866C400CA742E /* View Models */,
				DBED217E2A23E64D00464286 /* Helpers */,
				DB46811F2A14955F003964CC /* Representable */,
				DBED21822A23E77A00464286 /* Main Views */,
				DBED218C2A23F7D200464286 /* Tools */,
				DBD48ADE2A3135CD002D8A4F /* Settings */,
			);
			path = Views;
			sourceTree = "<group>";
		};
		DBED217E2A23E64D00464286 /* Helpers */ = {
			isa = PBXGroup;
			children = (
				DBED21872A23EC3900464286 /* SheetDelegator.swift */,
				DBED217F2A23E65D00464286 /* LabelConfiguration.swift */,
				DBB32C432A241CFB003FDD90 /* CodeBlockStyle.swift */,
				DBD216EA2A295FEF003BB5F2 /* QuickLook.swift */,
			);
			path = Helpers;
			sourceTree = "<group>";
		};
		DBED21822A23E77A00464286 /* Main Views */ = {
			isa = PBXGroup;
			children = (
				DB4680F12A1480E5003964CC /* HomeView.swift */,
				DBEC26332A2853A500676BE0 /* Document View */,
			);
			path = "Main Views";
			sourceTree = "<group>";
		};
		DBED218C2A23F7D200464286 /* Tools */ = {
			isa = PBXGroup;
			children = (
				DBED21852A23E7BF00464286 /* ToolView.swift */,
				DBC684F02A33AD900038D86D /* Jellycuts Bridge */,
				DBF310F42A253F580003606E /* Dictionary Builder */,
				DBED21932A2407C000464286 /* Documentation */,
				DBED21942A240CB100464286 /* Icon Creator */,
			);
			path = Tools;
			sourceTree = "<group>";
		};
		DBED21932A2407C000464286 /* Documentation */ = {
			isa = PBXGroup;
			children = (
				DBED218D2A23F7E700464286 /* DocumentationHomeView.swift */,
				DBED218F2A23F99200464286 /* DocumentationLibraryView.swift */,
				DBED21912A23FBF100464286 /* DocumentationActionView.swift */,
			);
			path = Documentation;
			sourceTree = "<group>";
		};
		DBED21942A240CB100464286 /* Icon Creator */ = {
			isa = PBXGroup;
			children = (
				DBED21952A2412F800464286 /* IconCreator.swift */,
			);
			path = "Icon Creator";
			sourceTree = "<group>";
		};
		DBF216A52A27B9B10089B889 /* Shared */ = {
			isa = PBXGroup;
			children = (
				DBF311002A2540DA0003606E /* Constants.swift */,
				DBF310FB2A2540AF0003606E /* SharedDataStorageManager.swift */,
			);
			path = Shared;
			sourceTree = "<group>";
		};
		DBF310F42A253F580003606E /* Dictionary Builder */ = {
			isa = PBXGroup;
			children = (
				DBF310F72A253F7A0003606E /* DictionaryBuilderView.swift */,
				DBF311022A2546F00003606E /* DictionaryView.swift */,
				DBF311062A255B540003606E /* ArrayView.swift */,
				DBF311042A254F230003606E /* DictionaryAddValueSheet.swift */,
			);
			path = "Dictionary Builder";
			sourceTree = "<group>";
		};
		DBFC1F112A292DAF00A8EE67 /* Actions */ = {
			isa = PBXGroup;
			children = (
				DBFC1F262A292FAC00A8EE67 /* Actions.entitlements */,
				DBFC1F1E2A292E9400A8EE67 /* GetShortcutHandler.swift */,
				DBFC1F122A292DAF00A8EE67 /* IntentHandler.swift */,
				DBFC1F1B2A292DEE00A8EE67 /* Intents.intentdefinition */,
				DBFC1F142A292DAF00A8EE67 /* Info.plist */,
			);
			path = Actions;
			sourceTree = "<group>";
		};
/* End PBXGroup section */

/* Begin PBXNativeTarget section */
		DB4680D32A147AAC003964CC /* Jellycuts */ = {
			isa = PBXNativeTarget;
			buildConfigurationList = DB4680E62A147AAD003964CC /* Build configuration list for PBXNativeTarget "Jellycuts" */;
			buildPhases = (
				DB4680D02A147AAC003964CC /* Sources */,
				DB4680D12A147AAC003964CC /* Frameworks */,
				DB4680D22A147AAC003964CC /* Resources */,
				DB966A362A27B8A200DD6042 /* Embed ExtensionKit Extensions */,
				DBF216932A27B8F50089B889 /* Embed Foundation Extensions */,
			);
			buildRules = (
			);
			dependencies = (
				DBFC1F162A292DAF00A8EE67 /* PBXTargetDependency */,
			);
			name = Jellycuts;
			packageProductDependencies = (
				DB4681192A1483D6003964CC /* HydrogenReporter */,
				DB4EAFC02A19AB9300B44F4D /* Open-Jellycore */,
				DB4EAFC22A19AB9300B44F4D /* Runestone */,
				DB4EAFC42A19AB9300B44F4D /* TreeSitterJellyRunestone */,
				DBF310FE2A2540C10003606E /* KeychainSwift */,
				DB6609522A316238001431B2 /* BetterSafariView */,
				DB290B8C2A31AB1D00BEAB7F /* RunestoneThemes */,
			);
			productName = Jellycuts;
			productReference = DB4680D42A147AAC003964CC /* Jellycuts.app */;
			productType = "com.apple.product-type.application";
		};
		DBFC1F0E2A292DAF00A8EE67 /* Actions */ = {
			isa = PBXNativeTarget;
			buildConfigurationList = DBFC1F182A292DAF00A8EE67 /* Build configuration list for PBXNativeTarget "Actions" */;
			buildPhases = (
				DBFC1F0B2A292DAF00A8EE67 /* Sources */,
				DBFC1F0C2A292DAF00A8EE67 /* Frameworks */,
				DBFC1F0D2A292DAF00A8EE67 /* Resources */,
			);
			buildRules = (
			);
			dependencies = (
			);
			name = Actions;
			packageProductDependencies = (
				DBFC1F222A292F6200A8EE67 /* HydrogenReporter */,
				DBFC1F242A292F6400A8EE67 /* KeychainSwift */,
			);
			productName = Actions;
			productReference = DBFC1F0F2A292DAF00A8EE67 /* Actions.appex */;
			productType = "com.apple.product-type.app-extension";
		};
/* End PBXNativeTarget section */

/* Begin PBXProject section */
		DB4680CC2A147AAC003964CC /* Project object */ = {
			isa = PBXProject;
			attributes = {
				BuildIndependentTargetsInParallel = 1;
				LastSwiftUpdateCheck = 1430;
				LastUpgradeCheck = 1430;
				TargetAttributes = {
					DB4680D32A147AAC003964CC = {
						CreatedOnToolsVersion = 14.3;
						LastSwiftMigration = 1430;
					};
					DBFC1F0E2A292DAF00A8EE67 = {
						CreatedOnToolsVersion = 14.3;
					};
				};
			};
			buildConfigurationList = DB4680CF2A147AAC003964CC /* Build configuration list for PBXProject "Jellycuts" */;
			compatibilityVersion = "Xcode 14.0";
			developmentRegion = en;
			hasScannedForEncodings = 0;
			knownRegions = (
				en,
				Base,
			);
			mainGroup = DB4680CB2A147AAC003964CC;
			packageReferences = (
				DB4681182A1483D6003964CC /* XCRemoteSwiftPackageReference "HydrogenReporter" */,
				DB4EAFB42A19A00100B44F4D /* XCRemoteSwiftPackageReference "tree-sitter-spm" */,
				DBF310FD2A2540C10003606E /* XCRemoteSwiftPackageReference "keychain-swift" */,
				DB6609512A316238001431B2 /* XCRemoteSwiftPackageReference "BetterSafariView" */,
			);
			productRefGroup = DB4680D52A147AAC003964CC /* Products */;
			projectDirPath = "";
			projectRoot = "";
			targets = (
				DB4680D32A147AAC003964CC /* Jellycuts */,
				DBFC1F0E2A292DAF00A8EE67 /* Actions */,
			);
		};
/* End PBXProject section */

/* Begin PBXResourcesBuildPhase section */
		DB4680D22A147AAC003964CC /* Resources */ = {
			isa = PBXResourcesBuildPhase;
			buildActionMask = 2147483647;
			files = (
				DB4680E32A147AAD003964CC /* Preview Assets.xcassets in Resources */,
				DB4680DE2A147AAD003964CC /* Assets.xcassets in Resources */,
			);
			runOnlyForDeploymentPostprocessing = 0;
		};
		DBFC1F0D2A292DAF00A8EE67 /* Resources */ = {
			isa = PBXResourcesBuildPhase;
			buildActionMask = 2147483647;
			files = (
			);
			runOnlyForDeploymentPostprocessing = 0;
		};
/* End PBXResourcesBuildPhase section */

/* Begin PBXSourcesBuildPhase section */
		DB4680D02A147AAC003964CC /* Sources */ = {
			isa = PBXSourcesBuildPhase;
			buildActionMask = 2147483647;
			files = (
				DBD48B0F2A31483F002D8A4F /* SettingsIconView.swift in Sources */,
				DBD48B052A31473D002D8A4F /* AppIconManager.swift in Sources */,
				DB7739712A25B8B600F883F0 /* Dispatch.swift in Sources */,
				DB6609582A3165C0001431B2 /* SettingsContactView.swift in Sources */,
				DBD216ED2A296019003BB5F2 /* UIDevice+Convenience.swift in Sources */,
				DBD216EB2A295FEF003BB5F2 /* QuickLook.swift in Sources */,
				DBB32C442A241CFB003FDD90 /* CodeBlockStyle.swift in Sources */,
				DBD48B082A3147A1002D8A4F /* AccentColor.swift in Sources */,
				DB4680DA2A147AAC003964CC /* JellycutsDocument.swift in Sources */,
				DBC684F62A33AE0D0038D86D /* BridgeViewModel.swift in Sources */,
				DB66095E2A316B81001431B2 /* SettingsPrivacyView.swift in Sources */,
				DB77396D2A25B5F600F883F0 /* ShortcutsSigner.swift in Sources */,
				DB4681162A14835E003964CC /* ErrorHandler.swift in Sources */,
				DBED21862A23E7BF00464286 /* ToolView.swift in Sources */,
				DB6609502A315F80001431B2 /* ProjectSort.swift in Sources */,
				DBD48B152A31494E002D8A4F /* JellycutsEnvironment.swift in Sources */,
				DB66094E2A315C19001431B2 /* SettingsBehaviorView.swift in Sources */,
				DBFC1F1D2A292DF500A8EE67 /* Intents.intentdefinition in Sources */,
				DBF311072A255B540003606E /* ArrayView.swift in Sources */,
				DBF310FA2A2540050003606E /* DictionaryHandler.swift in Sources */,
				DBD08AFF2A298D8F0068D7B8 /* ConsoleView.swift in Sources */,
				DBC99A122A285BE400CA742E /* RunestoneEditorConfig.swift in Sources */,
				DBF311052A254F230003606E /* DictionaryAddValueSheet.swift in Sources */,
				DBC684FA2A33AEB40038D86D /* v1Server.swift in Sources */,
				DBED21922A23FBF100464286 /* DocumentationActionView.swift in Sources */,
				DBED218E2A23F7E700464286 /* DocumentationHomeView.swift in Sources */,
				DBF310F82A253F7A0003606E /* DictionaryBuilderView.swift in Sources */,
				DBD48B112A31488F002D8A4F /* AppearanceManager.swift in Sources */,
				DBF311032A2546F00003606E /* DictionaryView.swift in Sources */,
				DBD48B0A2A3147BF002D8A4F /* PreferenceManager.swift in Sources */,
				DB77396F2A25B63900F883F0 /* Reachability.swift in Sources */,
				DBD48B032A3146C4002D8A4F /* SettingsAppearanceView.swift in Sources */,
				DBED21802A23E65D00464286 /* LabelConfiguration.swift in Sources */,
				DB66095C2A3168F4001431B2 /* SettingsCreditView.swift in Sources */,
				DBED21902A23F99200464286 /* DocumentationLibraryView.swift in Sources */,
				DBC9E39E2A31975500158E83 /* SettingsThemeSelector.swift in Sources */,
				DBD48AE22A313615002D8A4F /* SettingsView.swift in Sources */,
				DB4681212A149591003964CC /* RunestoneEditor.swift in Sources */,
				DBF311012A2540DA0003606E /* Constants.swift in Sources */,
				DBC99A152A2866DD00CA742E /* DocumentViewModel.swift in Sources */,
				DBED21962A2412F800464286 /* IconCreator.swift in Sources */,
				DB66095A2A3167D0001431B2 /* SettingsAboutView.swift in Sources */,
				DB6609562A316260001431B2 /* Haptics.swift in Sources */,
				DB4680F02A147FB7003964CC /* Jellycuts.xcdatamodeld in Sources */,
				DB4680D82A147AAC003964CC /* JellycutsApp.swift in Sources */,
				DBC684F42A33ADCC0038D86D /* BridgeList.swift in Sources */,
				DBF310FC2A2540AF0003606E /* SharedDataStorageManager.swift in Sources */,
				DBED21882A23EC3900464286 /* SheetDelegator.swift in Sources */,
				DBC9E3A02A3197B500158E83 /* View+FakeInsetGrouped.swift in Sources */,
				DB51953D2A33B3CF00738A85 /* WebSocket.swift in Sources */,
				DB4680F22A1480E5003964CC /* HomeView.swift in Sources */,
				DBEC26372A2853C300676BE0 /* ToolBarView.swift in Sources */,
				DBD48B132A3148D5002D8A4F /* DynamicTypeSize.swift in Sources */,
				DBD48B0C2A3147DE002D8A4F /* Color+Codable.swift in Sources */,
				DB51953B2A33B31A00738A85 /* BridgeView.swift in Sources */,
				DBB32C412A2413D9003FDD90 /* Colors+Hex.swift in Sources */,
				DBF216B52A27C7EE0089B889 /* DocumentHandling.swift in Sources */,
				DB4680DC2A147AAC003964CC /* DocumentView.swift in Sources */,
				DBD48B172A314BD0002D8A4F /* RoundedFont.swift in Sources */,
				DB4681142A148131003964CC /* Persistance.swift in Sources */,
			);
			runOnlyForDeploymentPostprocessing = 0;
		};
		DBFC1F0B2A292DAF00A8EE67 /* Sources */ = {
			isa = PBXSourcesBuildPhase;
			buildActionMask = 2147483647;
			files = (
				DBFC1F1F2A292E9400A8EE67 /* GetShortcutHandler.swift in Sources */,
				DBFC1F1C2A292DEE00A8EE67 /* Intents.intentdefinition in Sources */,
				DBFC1F132A292DAF00A8EE67 /* IntentHandler.swift in Sources */,
				DBFC1F202A292F4F00A8EE67 /* Constants.swift in Sources */,
				DBFC1F212A292F4F00A8EE67 /* SharedDataStorageManager.swift in Sources */,
			);
			runOnlyForDeploymentPostprocessing = 0;
		};
/* End PBXSourcesBuildPhase section */

/* Begin PBXTargetDependency section */
		DBFC1F162A292DAF00A8EE67 /* PBXTargetDependency */ = {
			isa = PBXTargetDependency;
			target = DBFC1F0E2A292DAF00A8EE67 /* Actions */;
			targetProxy = DBFC1F152A292DAF00A8EE67 /* PBXContainerItemProxy */;
		};
/* End PBXTargetDependency section */

/* Begin XCBuildConfiguration section */
		DB4680E42A147AAD003964CC /* Debug */ = {
			isa = XCBuildConfiguration;
			buildSettings = {
				ALWAYS_SEARCH_USER_PATHS = NO;
				CLANG_ANALYZER_NONNULL = YES;
				CLANG_ANALYZER_NUMBER_OBJECT_CONVERSION = YES_AGGRESSIVE;
				CLANG_CXX_LANGUAGE_STANDARD = "gnu++20";
				CLANG_ENABLE_MODULES = YES;
				CLANG_ENABLE_OBJC_ARC = YES;
				CLANG_ENABLE_OBJC_WEAK = YES;
				CLANG_WARN_BLOCK_CAPTURE_AUTORELEASING = YES;
				CLANG_WARN_BOOL_CONVERSION = YES;
				CLANG_WARN_COMMA = YES;
				CLANG_WARN_CONSTANT_CONVERSION = YES;
				CLANG_WARN_DEPRECATED_OBJC_IMPLEMENTATIONS = YES;
				CLANG_WARN_DIRECT_OBJC_ISA_USAGE = YES_ERROR;
				CLANG_WARN_DOCUMENTATION_COMMENTS = YES;
				CLANG_WARN_EMPTY_BODY = YES;
				CLANG_WARN_ENUM_CONVERSION = YES;
				CLANG_WARN_INFINITE_RECURSION = YES;
				CLANG_WARN_INT_CONVERSION = YES;
				CLANG_WARN_NON_LITERAL_NULL_CONVERSION = YES;
				CLANG_WARN_OBJC_IMPLICIT_RETAIN_SELF = YES;
				CLANG_WARN_OBJC_LITERAL_CONVERSION = YES;
				CLANG_WARN_OBJC_ROOT_CLASS = YES_ERROR;
				CLANG_WARN_QUOTED_INCLUDE_IN_FRAMEWORK_HEADER = YES;
				CLANG_WARN_RANGE_LOOP_ANALYSIS = YES;
				CLANG_WARN_STRICT_PROTOTYPES = YES;
				CLANG_WARN_SUSPICIOUS_MOVE = YES;
				CLANG_WARN_UNGUARDED_AVAILABILITY = YES_AGGRESSIVE;
				CLANG_WARN_UNREACHABLE_CODE = YES;
				CLANG_WARN__DUPLICATE_METHOD_MATCH = YES;
				COPY_PHASE_STRIP = NO;
				DEBUG_INFORMATION_FORMAT = dwarf;
				ENABLE_STRICT_OBJC_MSGSEND = YES;
				ENABLE_TESTABILITY = YES;
				GCC_C_LANGUAGE_STANDARD = gnu11;
				GCC_DYNAMIC_NO_PIC = NO;
				GCC_NO_COMMON_BLOCKS = YES;
				GCC_OPTIMIZATION_LEVEL = 0;
				GCC_PREPROCESSOR_DEFINITIONS = (
					"DEBUG=1",
					"$(inherited)",
				);
				GCC_WARN_64_TO_32_BIT_CONVERSION = YES;
				GCC_WARN_ABOUT_RETURN_TYPE = YES_ERROR;
				GCC_WARN_UNDECLARED_SELECTOR = YES;
				GCC_WARN_UNINITIALIZED_AUTOS = YES_AGGRESSIVE;
				GCC_WARN_UNUSED_FUNCTION = YES;
				GCC_WARN_UNUSED_VARIABLE = YES;
				MTL_ENABLE_DEBUG_INFO = INCLUDE_SOURCE;
				MTL_FAST_MATH = YES;
				ONLY_ACTIVE_ARCH = YES;
				SWIFT_ACTIVE_COMPILATION_CONDITIONS = DEBUG;
				SWIFT_OPTIMIZATION_LEVEL = "-Onone";
			};
			name = Debug;
		};
		DB4680E52A147AAD003964CC /* Release */ = {
			isa = XCBuildConfiguration;
			buildSettings = {
				ALWAYS_SEARCH_USER_PATHS = NO;
				CLANG_ANALYZER_NONNULL = YES;
				CLANG_ANALYZER_NUMBER_OBJECT_CONVERSION = YES_AGGRESSIVE;
				CLANG_CXX_LANGUAGE_STANDARD = "gnu++20";
				CLANG_ENABLE_MODULES = YES;
				CLANG_ENABLE_OBJC_ARC = YES;
				CLANG_ENABLE_OBJC_WEAK = YES;
				CLANG_WARN_BLOCK_CAPTURE_AUTORELEASING = YES;
				CLANG_WARN_BOOL_CONVERSION = YES;
				CLANG_WARN_COMMA = YES;
				CLANG_WARN_CONSTANT_CONVERSION = YES;
				CLANG_WARN_DEPRECATED_OBJC_IMPLEMENTATIONS = YES;
				CLANG_WARN_DIRECT_OBJC_ISA_USAGE = YES_ERROR;
				CLANG_WARN_DOCUMENTATION_COMMENTS = YES;
				CLANG_WARN_EMPTY_BODY = YES;
				CLANG_WARN_ENUM_CONVERSION = YES;
				CLANG_WARN_INFINITE_RECURSION = YES;
				CLANG_WARN_INT_CONVERSION = YES;
				CLANG_WARN_NON_LITERAL_NULL_CONVERSION = YES;
				CLANG_WARN_OBJC_IMPLICIT_RETAIN_SELF = YES;
				CLANG_WARN_OBJC_LITERAL_CONVERSION = YES;
				CLANG_WARN_OBJC_ROOT_CLASS = YES_ERROR;
				CLANG_WARN_QUOTED_INCLUDE_IN_FRAMEWORK_HEADER = YES;
				CLANG_WARN_RANGE_LOOP_ANALYSIS = YES;
				CLANG_WARN_STRICT_PROTOTYPES = YES;
				CLANG_WARN_SUSPICIOUS_MOVE = YES;
				CLANG_WARN_UNGUARDED_AVAILABILITY = YES_AGGRESSIVE;
				CLANG_WARN_UNREACHABLE_CODE = YES;
				CLANG_WARN__DUPLICATE_METHOD_MATCH = YES;
				COPY_PHASE_STRIP = NO;
				DEBUG_INFORMATION_FORMAT = "dwarf-with-dsym";
				ENABLE_NS_ASSERTIONS = NO;
				ENABLE_STRICT_OBJC_MSGSEND = YES;
				GCC_C_LANGUAGE_STANDARD = gnu11;
				GCC_NO_COMMON_BLOCKS = YES;
				GCC_WARN_64_TO_32_BIT_CONVERSION = YES;
				GCC_WARN_ABOUT_RETURN_TYPE = YES_ERROR;
				GCC_WARN_UNDECLARED_SELECTOR = YES;
				GCC_WARN_UNINITIALIZED_AUTOS = YES_AGGRESSIVE;
				GCC_WARN_UNUSED_FUNCTION = YES;
				GCC_WARN_UNUSED_VARIABLE = YES;
				MTL_ENABLE_DEBUG_INFO = NO;
				MTL_FAST_MATH = YES;
				SWIFT_COMPILATION_MODE = wholemodule;
				SWIFT_OPTIMIZATION_LEVEL = "-O";
			};
			name = Release;
		};
		DB4680E72A147AAD003964CC /* Debug */ = {
			isa = XCBuildConfiguration;
			buildSettings = {
				ALWAYS_EMBED_SWIFT_STANDARD_LIBRARIES = YES;
				ASSETCATALOG_COMPILER_APPICON_NAME = AppIcon;
				ASSETCATALOG_COMPILER_GLOBAL_ACCENT_COLOR_NAME = AccentColor;
				CLANG_ENABLE_MODULES = YES;
				CODE_SIGN_ENTITLEMENTS = Jellycuts/Jellycuts.entitlements;
				CODE_SIGN_STYLE = Automatic;
				CURRENT_PROJECT_VERSION = 1;
				DEVELOPMENT_ASSET_PATHS = "\"Jellycuts/Resources\"";
				DEVELOPMENT_TEAM = 825FPALDZ5;
				ENABLE_HARDENED_RUNTIME = YES;
				ENABLE_PREVIEWS = YES;
				GENERATE_INFOPLIST_FILE = YES;
				INFOPLIST_FILE = Jellycuts/Info.plist;
				INFOPLIST_KEY_CFBundleDisplayName = Jellycuts;
				INFOPLIST_KEY_LSApplicationCategoryType = "public.app-category.developer-tools";
				"INFOPLIST_KEY_UIApplicationSceneManifest_Generation[sdk=iphoneos*]" = YES;
				"INFOPLIST_KEY_UIApplicationSceneManifest_Generation[sdk=iphonesimulator*]" = YES;
				"INFOPLIST_KEY_UIApplicationSupportsIndirectInputEvents[sdk=iphoneos*]" = YES;
				"INFOPLIST_KEY_UIApplicationSupportsIndirectInputEvents[sdk=iphonesimulator*]" = YES;
				"INFOPLIST_KEY_UILaunchScreen_Generation[sdk=iphoneos*]" = YES;
				"INFOPLIST_KEY_UILaunchScreen_Generation[sdk=iphonesimulator*]" = YES;
				"INFOPLIST_KEY_UIStatusBarStyle[sdk=iphoneos*]" = UIStatusBarStyleDefault;
				"INFOPLIST_KEY_UIStatusBarStyle[sdk=iphonesimulator*]" = UIStatusBarStyleDefault;
				INFOPLIST_KEY_UISupportedInterfaceOrientations_iPad = "UIInterfaceOrientationPortrait UIInterfaceOrientationPortraitUpsideDown UIInterfaceOrientationLandscapeLeft UIInterfaceOrientationLandscapeRight";
				INFOPLIST_KEY_UISupportedInterfaceOrientations_iPhone = "UIInterfaceOrientationPortrait UIInterfaceOrientationLandscapeLeft UIInterfaceOrientationLandscapeRight";
				"INFOPLIST_KEY_UISupportsDocumentBrowser[sdk=iphoneos*]" = YES;
				"INFOPLIST_KEY_UISupportsDocumentBrowser[sdk=iphonesimulator*]" = YES;
				IPHONEOS_DEPLOYMENT_TARGET = 16.1;
				LD_RUNPATH_SEARCH_PATHS = "@executable_path/Frameworks";
				"LD_RUNPATH_SEARCH_PATHS[sdk=macosx*]" = "@executable_path/../Frameworks";
				MACOSX_DEPLOYMENT_TARGET = 13.3;
				MARKETING_VERSION = 1.0;
				"OTHER_SWIFT_FLAGS[arch=*]" = "-symbol-graph-minimum-access-level private";
				PRODUCT_BUNDLE_IDENTIFIER = com.zlineman.Jellyfish;
				PRODUCT_NAME = "$(TARGET_NAME)";
				SDKROOT = auto;
				SUPPORTED_PLATFORMS = "iphoneos iphonesimulator macosx";
				SWIFT_EMIT_LOC_STRINGS = YES;
				SWIFT_INSTALL_OBJC_HEADER = YES;
				SWIFT_OBJC_BRIDGING_HEADER = "";
				SWIFT_OPTIMIZATION_LEVEL = "-Onone";
				SWIFT_PRECOMPILE_BRIDGING_HEADER = YES;
				SWIFT_VERSION = 5.0;
				TARGETED_DEVICE_FAMILY = "1,2";
			};
			name = Debug;
		};
		DB4680E82A147AAD003964CC /* Release */ = {
			isa = XCBuildConfiguration;
			buildSettings = {
				ALWAYS_EMBED_SWIFT_STANDARD_LIBRARIES = YES;
				ASSETCATALOG_COMPILER_APPICON_NAME = AppIcon;
				ASSETCATALOG_COMPILER_GLOBAL_ACCENT_COLOR_NAME = AccentColor;
				CLANG_ENABLE_MODULES = YES;
				CODE_SIGN_ENTITLEMENTS = Jellycuts/Jellycuts.entitlements;
				CODE_SIGN_STYLE = Automatic;
				CURRENT_PROJECT_VERSION = 1;
				DEVELOPMENT_ASSET_PATHS = "\"Jellycuts/Resources\"";
				DEVELOPMENT_TEAM = 825FPALDZ5;
				ENABLE_HARDENED_RUNTIME = YES;
				ENABLE_PREVIEWS = YES;
				GENERATE_INFOPLIST_FILE = YES;
				INFOPLIST_FILE = Jellycuts/Info.plist;
				INFOPLIST_KEY_CFBundleDisplayName = Jellycuts;
				INFOPLIST_KEY_LSApplicationCategoryType = "public.app-category.developer-tools";
				"INFOPLIST_KEY_UIApplicationSceneManifest_Generation[sdk=iphoneos*]" = YES;
				"INFOPLIST_KEY_UIApplicationSceneManifest_Generation[sdk=iphonesimulator*]" = YES;
				"INFOPLIST_KEY_UIApplicationSupportsIndirectInputEvents[sdk=iphoneos*]" = YES;
				"INFOPLIST_KEY_UIApplicationSupportsIndirectInputEvents[sdk=iphonesimulator*]" = YES;
				"INFOPLIST_KEY_UILaunchScreen_Generation[sdk=iphoneos*]" = YES;
				"INFOPLIST_KEY_UILaunchScreen_Generation[sdk=iphonesimulator*]" = YES;
				"INFOPLIST_KEY_UIStatusBarStyle[sdk=iphoneos*]" = UIStatusBarStyleDefault;
				"INFOPLIST_KEY_UIStatusBarStyle[sdk=iphonesimulator*]" = UIStatusBarStyleDefault;
				INFOPLIST_KEY_UISupportedInterfaceOrientations_iPad = "UIInterfaceOrientationPortrait UIInterfaceOrientationPortraitUpsideDown UIInterfaceOrientationLandscapeLeft UIInterfaceOrientationLandscapeRight";
				INFOPLIST_KEY_UISupportedInterfaceOrientations_iPhone = "UIInterfaceOrientationPortrait UIInterfaceOrientationLandscapeLeft UIInterfaceOrientationLandscapeRight";
				"INFOPLIST_KEY_UISupportsDocumentBrowser[sdk=iphoneos*]" = YES;
				"INFOPLIST_KEY_UISupportsDocumentBrowser[sdk=iphonesimulator*]" = YES;
				IPHONEOS_DEPLOYMENT_TARGET = 16.1;
				LD_RUNPATH_SEARCH_PATHS = "@executable_path/Frameworks";
				"LD_RUNPATH_SEARCH_PATHS[sdk=macosx*]" = "@executable_path/../Frameworks";
				MACOSX_DEPLOYMENT_TARGET = 13.3;
				MARKETING_VERSION = 1.0;
				"OTHER_SWIFT_FLAGS[arch=*]" = "-symbol-graph-minimum-access-level private";
				PRODUCT_BUNDLE_IDENTIFIER = com.zlineman.Jellyfish;
				PRODUCT_NAME = "$(TARGET_NAME)";
				SDKROOT = auto;
				SUPPORTED_PLATFORMS = "iphoneos iphonesimulator macosx";
				SWIFT_EMIT_LOC_STRINGS = YES;
				SWIFT_INSTALL_OBJC_HEADER = YES;
				SWIFT_OBJC_BRIDGING_HEADER = "";
				SWIFT_PRECOMPILE_BRIDGING_HEADER = YES;
				SWIFT_VERSION = 5.0;
				TARGETED_DEVICE_FAMILY = "1,2";
			};
			name = Release;
		};
		DBFC1F192A292DAF00A8EE67 /* Debug */ = {
			isa = XCBuildConfiguration;
			buildSettings = {
				CODE_SIGN_ENTITLEMENTS = Actions/Actions.entitlements;
				CODE_SIGN_STYLE = Automatic;
				CURRENT_PROJECT_VERSION = 1;
				DEVELOPMENT_TEAM = 825FPALDZ5;
				GENERATE_INFOPLIST_FILE = YES;
				INFOPLIST_FILE = Actions/Info.plist;
				INFOPLIST_KEY_CFBundleDisplayName = Actions;
				INFOPLIST_KEY_NSHumanReadableCopyright = "";
				IPHONEOS_DEPLOYMENT_TARGET = 16.0;
				LD_RUNPATH_SEARCH_PATHS = (
					"$(inherited)",
					"@executable_path/Frameworks",
					"@executable_path/../../Frameworks",
				);
				MARKETING_VERSION = 1.0;
				PRODUCT_BUNDLE_IDENTIFIER = com.zlineman.Jellyfish.Shortcuts;
				PRODUCT_NAME = "$(TARGET_NAME)";
				SDKROOT = iphoneos;
				SKIP_INSTALL = YES;
				SWIFT_EMIT_LOC_STRINGS = YES;
				SWIFT_VERSION = 5.0;
				TARGETED_DEVICE_FAMILY = "1,2";
			};
			name = Debug;
		};
		DBFC1F1A2A292DAF00A8EE67 /* Release */ = {
			isa = XCBuildConfiguration;
			buildSettings = {
				CODE_SIGN_ENTITLEMENTS = Actions/Actions.entitlements;
				CODE_SIGN_STYLE = Automatic;
				CURRENT_PROJECT_VERSION = 1;
				DEVELOPMENT_TEAM = 825FPALDZ5;
				GENERATE_INFOPLIST_FILE = YES;
				INFOPLIST_FILE = Actions/Info.plist;
				INFOPLIST_KEY_CFBundleDisplayName = Actions;
				INFOPLIST_KEY_NSHumanReadableCopyright = "";
				IPHONEOS_DEPLOYMENT_TARGET = 16.0;
				LD_RUNPATH_SEARCH_PATHS = (
					"$(inherited)",
					"@executable_path/Frameworks",
					"@executable_path/../../Frameworks",
				);
				MARKETING_VERSION = 1.0;
				PRODUCT_BUNDLE_IDENTIFIER = com.zlineman.Jellyfish.Shortcuts;
				PRODUCT_NAME = "$(TARGET_NAME)";
				SDKROOT = iphoneos;
				SKIP_INSTALL = YES;
				SWIFT_EMIT_LOC_STRINGS = YES;
				SWIFT_VERSION = 5.0;
				TARGETED_DEVICE_FAMILY = "1,2";
				VALIDATE_PRODUCT = YES;
			};
			name = Release;
		};
/* End XCBuildConfiguration section */

/* Begin XCConfigurationList section */
		DB4680CF2A147AAC003964CC /* Build configuration list for PBXProject "Jellycuts" */ = {
			isa = XCConfigurationList;
			buildConfigurations = (
				DB4680E42A147AAD003964CC /* Debug */,
				DB4680E52A147AAD003964CC /* Release */,
			);
			defaultConfigurationIsVisible = 0;
			defaultConfigurationName = Release;
		};
		DB4680E62A147AAD003964CC /* Build configuration list for PBXNativeTarget "Jellycuts" */ = {
			isa = XCConfigurationList;
			buildConfigurations = (
				DB4680E72A147AAD003964CC /* Debug */,
				DB4680E82A147AAD003964CC /* Release */,
			);
			defaultConfigurationIsVisible = 0;
			defaultConfigurationName = Release;
		};
		DBFC1F182A292DAF00A8EE67 /* Build configuration list for PBXNativeTarget "Actions" */ = {
			isa = XCConfigurationList;
			buildConfigurations = (
				DBFC1F192A292DAF00A8EE67 /* Debug */,
				DBFC1F1A2A292DAF00A8EE67 /* Release */,
			);
			defaultConfigurationIsVisible = 0;
			defaultConfigurationName = Release;
		};
/* End XCConfigurationList section */

/* Begin XCRemoteSwiftPackageReference section */
		DB4681182A1483D6003964CC /* XCRemoteSwiftPackageReference "HydrogenReporter" */ = {
			isa = XCRemoteSwiftPackageReference;
			repositoryURL = "https://github.com/ActuallyTaylor/HydrogenReporter";
			requirement = {
				branch = main;
				kind = branch;
			};
		};
		DB4EAFB42A19A00100B44F4D /* XCRemoteSwiftPackageReference "tree-sitter-spm" */ = {
			isa = XCRemoteSwiftPackageReference;
			repositoryURL = "https://github.com/ActuallyTaylor/tree-sitter-spm";
			requirement = {
				branch = master;
				kind = branch;
			};
		};
		DB6609512A316238001431B2 /* XCRemoteSwiftPackageReference "BetterSafariView" */ = {
			isa = XCRemoteSwiftPackageReference;
			repositoryURL = "https://github.com/stleamist/BetterSafariView";
			requirement = {
				branch = main;
				kind = branch;
			};
		};
		DBF310FD2A2540C10003606E /* XCRemoteSwiftPackageReference "keychain-swift" */ = {
			isa = XCRemoteSwiftPackageReference;
			repositoryURL = "https://github.com/evgenyneu/keychain-swift.git";
			requirement = {
				kind = upToNextMajorVersion;
				minimumVersion = 20.0.0;
			};
		};
/* End XCRemoteSwiftPackageReference section */

/* Begin XCSwiftPackageProductDependency section */
		DB290B8C2A31AB1D00BEAB7F /* RunestoneThemes */ = {
			isa = XCSwiftPackageProductDependency;
			productName = RunestoneThemes;
		};
		DB4681192A1483D6003964CC /* HydrogenReporter */ = {
			isa = XCSwiftPackageProductDependency;
			package = DB4681182A1483D6003964CC /* XCRemoteSwiftPackageReference "HydrogenReporter" */;
			productName = HydrogenReporter;
		};
		DB4EAFC02A19AB9300B44F4D /* Open-Jellycore */ = {
			isa = XCSwiftPackageProductDependency;
			productName = "Open-Jellycore";
		};
		DB4EAFC22A19AB9300B44F4D /* Runestone */ = {
			isa = XCSwiftPackageProductDependency;
			productName = Runestone;
		};
		DB4EAFC42A19AB9300B44F4D /* TreeSitterJellyRunestone */ = {
			isa = XCSwiftPackageProductDependency;
			productName = TreeSitterJellyRunestone;
		};
		DB6609522A316238001431B2 /* BetterSafariView */ = {
			isa = XCSwiftPackageProductDependency;
			package = DB6609512A316238001431B2 /* XCRemoteSwiftPackageReference "BetterSafariView" */;
			productName = BetterSafariView;
		};
		DBF310FE2A2540C10003606E /* KeychainSwift */ = {
			isa = XCSwiftPackageProductDependency;
			package = DBF310FD2A2540C10003606E /* XCRemoteSwiftPackageReference "keychain-swift" */;
			productName = KeychainSwift;
		};
		DBFC1F222A292F6200A8EE67 /* HydrogenReporter */ = {
			isa = XCSwiftPackageProductDependency;
			package = DB4681182A1483D6003964CC /* XCRemoteSwiftPackageReference "HydrogenReporter" */;
			productName = HydrogenReporter;
		};
		DBFC1F242A292F6400A8EE67 /* KeychainSwift */ = {
			isa = XCSwiftPackageProductDependency;
			package = DBF310FD2A2540C10003606E /* XCRemoteSwiftPackageReference "keychain-swift" */;
			productName = KeychainSwift;
		};
/* End XCSwiftPackageProductDependency section */

/* Begin XCVersionGroup section */
		DB4680EE2A147FB7003964CC /* Jellycuts.xcdatamodeld */ = {
			isa = XCVersionGroup;
			children = (
				DB4680EF2A147FB7003964CC /* Jellycuts.xcdatamodel */,
			);
			currentVersion = DB4680EF2A147FB7003964CC /* Jellycuts.xcdatamodel */;
			path = Jellycuts.xcdatamodeld;
			sourceTree = "<group>";
			versionGroupType = wrapper.xcdatamodel;
		};
/* End XCVersionGroup section */
	};
	rootObject = DB4680CC2A147AAC003964CC /* Project object */;
}
