{
  "pins" : [
    {
      "identity" : "runestone",
      "kind" : "remoteSourceControl",
      "location" : "https://github.com/simonbs/Runestone",
      "state" : {
        "revision" : "1d0e79051a18d79f12882e9fad0b130e47d4a06b",
        "version" : "0.3.0"
      }
    },
    {
      "identity" : "tree-sitter-jelly",
      "kind" : "remoteSourceControl",
      "location" : "https://github.com/ActuallyTaylor/tree-sitter-jelly",
      "state" : {
        "branch" : "main",
        "revision" : "ec15e81cda9a0cff31c9c82cea2449d91b835d8d"
      }
    }
  ],
  "version" : 2
}
